PODS:
  - Charts (3.6.0):
    - Charts/Core (= 3.6.0)
  - Charts/Core (3.6.0)
  - FSCalendar (2.8.3)

DEPENDENCIES:
  - Charts
  - FSCalendar (from `https://github.com/WenchaoD/FSCalendar`)

SPEC REPOS:
  trunk:
    - Charts

EXTERNAL SOURCES:
  FSCalendar:
    :git: https://github.com/WenchaoD/FSCalendar

CHECKOUT OPTIONS:
  FSCalendar:
    :commit: 7c5d8c6463515411cdc2c7c485afb53ecd8cd72e
    :git: https://github.com/WenchaoD/FSCalendar

SPEC CHECKSUMS:
  Charts: b1e3a1f5a1c9ba5394438ca3b91bd8c9076310af
  FSCalendar: ed63fee7df375e34340c1236308fdbfc568d26ac

PODFILE CHECKSUM: eb244f6168788f4350ae378c1c4b3b08fd3748db

COCOAPODS: 1.10.1
