// !$*UTF8*$!
{
	archiveVersion = 1;
	classes = {
	};
	objectVersion = 56;
	objects = {

/* Begin PBXBuildFile section */
		21981837286319F6000AE2F5 /* BarChartExampleApp.swift in Sources */ = {isa = PBXBuildFile; fileRef = 21981836286319F6000AE2F5 /* BarChartExampleApp.swift */; };
		21981839286319F6000AE2F5 /* ContentView.swift in Sources */ = {isa = PBXBuildFile; fileRef = 21981838286319F6000AE2F5 /* ContentView.swift */; };
		2198183B286319F8000AE2F5 /* Assets.xcassets in Resources */ = {isa = PBXBuildFile; fileRef = 2198183A286319F8000AE2F5 /* Assets.xcassets */; };
		2198183E286319F8000AE2F5 /* Preview Assets.xcassets in Resources */ = {isa = PBXBuildFile; fileRef = 2198183D286319F8000AE2F5 /* Preview Assets.xcassets */; };
		21981848286319F8000AE2F5 /* BarChartExampleTests.swift in Sources */ = {isa = PBXBuildFile; fileRef = 21981847286319F8000AE2F5 /* BarChartExampleTests.swift */; };
		21981852286319F8000AE2F5 /* BarChartExampleUITests.swift in Sources */ = {isa = PBXBuildFile; fileRef = 21981851286319F8000AE2F5 /* BarChartExampleUITests.swift */; };
		21981854286319F8000AE2F5 /* BarChartExampleUITestsLaunchTests.swift in Sources */ = {isa = PBXBuildFile; fileRef = 21981853286319F8000AE2F5 /* BarChartExampleUITestsLaunchTests.swift */; };
/* End PBXBuildFile section */

/* Begin PBXContainerItemProxy section */
		21981844286319F8000AE2F5 /* PBXContainerItemProxy */ = {
			isa = PBXContainerItemProxy;
			containerPortal = 2198182B286319F6000AE2F5 /* Project object */;
			proxyType = 1;
			remoteGlobalIDString = 21981832286319F6000AE2F5;
			remoteInfo = BarChartExample;
		};
		2198184E286319F8000AE2F5 /* PBXContainerItemProxy */ = {
			isa = PBXContainerItemProxy;
			containerPortal = 2198182B286319F6000AE2F5 /* Project object */;
			proxyType = 1;
			remoteGlobalIDString = 21981832286319F6000AE2F5;
			remoteInfo = BarChartExample;
		};
/* End PBXContainerItemProxy section */

/* Begin PBXFileReference section */
		21981833286319F6000AE2F5 /* BarChartExample.app */ = {isa = PBXFileReference; explicitFileType = wrapper.application; includeInIndex = 0; path = BarChartExample.app; sourceTree = BUILT_PRODUCTS_DIR; };
		21981836286319F6000AE2F5 /* BarChartExampleApp.swift */ = {isa = PBXFileReference; lastKnownFileType = sourcecode.swift; path = BarChartExampleApp.swift; sourceTree = "<group>"; };
		21981838286319F6000AE2F5 /* ContentView.swift */ = {isa = PBXFileReference; lastKnownFileType = sourcecode.swift; path = ContentView.swift; sourceTree = "<group>"; };
		2198183A286319F8000AE2F5 /* Assets.xcassets */ = {isa = PBXFileReference; lastKnownFileType = folder.assetcatalog; path = Assets.xcassets; sourceTree = "<group>"; };
		2198183D286319F8000AE2F5 /* Preview Assets.xcassets */ = {isa = PBXFileReference; lastKnownFileType = folder.assetcatalog; path = "Preview Assets.xcassets"; sourceTree = "<group>"; };
		21981843286319F8000AE2F5 /* BarChartExampleTests.xctest */ = {isa = PBXFileReference; explicitFileType = wrapper.cfbundle; includeInIndex = 0; path = BarChartExampleTests.xctest; sourceTree = BUILT_PRODUCTS_DIR; };
		21981847286319F8000AE2F5 /* BarChartExampleTests.swift */ = {isa = PBXFileReference; lastKnownFileType = sourcecode.swift; path = BarChartExampleTests.swift; sourceTree = "<group>"; };
		2198184D286319F8000AE2F5 /* BarChartExampleUITests.xctest */ = {isa = PBXFileReference; explicitFileType = wrapper.cfbundle; includeInIndex = 0; path = BarChartExampleUITests.xctest; sourceTree = BUILT_PRODUCTS_DIR; };
		21981851286319F8000AE2F5 /* BarChartExampleUITests.swift */ = {isa = PBXFileReference; lastKnownFileType = sourcecode.swift; path = BarChartExampleUITests.swift; sourceTree = "<group>"; };
		21981853286319F8000AE2F5 /* BarChartExampleUITestsLaunchTests.swift */ = {isa = PBXFileReference; lastKnownFileType = sourcecode.swift; path = BarChartExampleUITestsLaunchTests.swift; sourceTree = "<group>"; };
/* End PBXFileReference section */

/* Begin PBXFrameworksBuildPhase section */
		21981830286319F6000AE2F5 /* Frameworks */ = {
			isa = PBXFrameworksBuildPhase;
			buildActionMask = 2147483647;
			files = (
			);
			runOnlyForDeploymentPostprocessing = 0;
		};
		21981840286319F8000AE2F5 /* Frameworks */ = {
			isa = PBXFrameworksBuildPhase;
			buildActionMask = 2147483647;
			files = (
			);
			runOnlyForDeploymentPostprocessing = 0;
		};
		2198184A286319F8000AE2F5 /* Frameworks */ = {
			isa = PBXFrameworksBuildPhase;
			buildActionMask = 2147483647;
			files = (
			);
			runOnlyForDeploymentPostprocessing = 0;
		};
/* End PBXFrameworksBuildPhase section */

/* Begin PBXGroup section */
		2198182A286319F6000AE2F5 = {
			isa = PBXGroup;
			children = (
				21981835286319F6000AE2F5 /* BarChartExample */,
				21981846286319F8000AE2F5 /* BarChartExampleTests */,
				21981850286319F8000AE2F5 /* BarChartExampleUITests */,
				21981834286319F6000AE2F5 /* Products */,
			);
			sourceTree = "<group>";
		};
		21981834286319F6000AE2F5 /* Products */ = {
			isa = PBXGroup;
			children = (
				21981833286319F6000AE2F5 /* BarChartExample.app */,
				21981843286319F8000AE2F5 /* BarChartExampleTests.xctest */,
				2198184D286319F8000AE2F5 /* BarChartExampleUITests.xctest */,
			);
			name = Products;
			sourceTree = "<group>";
		};
		21981835286319F6000AE2F5 /* BarChartExample */ = {
			isa = PBXGroup;
			children = (
				21981836286319F6000AE2F5 /* BarChartExampleApp.swift */,
				21981838286319F6000AE2F5 /* ContentView.swift */,
				2198183A286319F8000AE2F5 /* Assets.xcassets */,
				2198183C286319F8000AE2F5 /* Preview Content */,
			);
			path = BarChartExample;
			sourceTree = "<group>";
		};
		2198183C286319F8000AE2F5 /* Preview Content */ = {
			isa = PBXGroup;
			children = (
				2198183D286319F8000AE2F5 /* Preview Assets.xcassets */,
			);
			path = "Preview Content";
			sourceTree = "<group>";
		};
		21981846286319F8000AE2F5 /* BarChartExampleTests */ = {
			isa = PBXGroup;
			children = (
				21981847286319F8000AE2F5 /* BarChartExampleTests.swift */,
			);
			path = BarChartExampleTests;
			sourceTree = "<group>";
		};
		21981850286319F8000AE2F5 /* BarChartExampleUITests */ = {
			isa = PBXGroup;
			children = (
				21981851286319F8000AE2F5 /* BarChartExampleUITests.swift */,
				21981853286319F8000AE2F5 /* BarChartExampleUITestsLaunchTests.swift */,
			);
			path = BarChartExampleUITests;
			sourceTree = "<group>";
		};
/* End PBXGroup section */

/* Begin PBXNativeTarget section */
		21981832286319F6000AE2F5 /* BarChartExample */ = {
			isa = PBXNativeTarget;
			buildConfigurationList = 21981857286319F8000AE2F5 /* Build configuration list for PBXNativeTarget "BarChartExample" */;
			buildPhases = (
				2198182F286319F6000AE2F5 /* Sources */,
				21981830286319F6000AE2F5 /* Frameworks */,
				21981831286319F6000AE2F5 /* Resources */,
			);
			buildRules = (
			);
			dependencies = (
			);
			name = BarChartExample;
			productName = BarChartExample;
			productReference = 21981833286319F6000AE2F5 /* BarChartExample.app */;
			productType = "com.apple.product-type.application";
		};
		21981842286319F8000AE2F5 /* BarChartExampleTests */ = {
			isa = PBXNativeTarget;
			buildConfigurationList = 2198185A286319F8000AE2F5 /* Build configuration list for PBXNativeTarget "BarChartExampleTests" */;
			buildPhases = (
				2198183F286319F8000AE2F5 /* Sources */,
				21981840286319F8000AE2F5 /* Frameworks */,
				21981841286319F8000AE2F5 /* Resources */,
			);
			buildRules = (
			);
			dependencies = (
				21981845286319F8000AE2F5 /* PBXTargetDependency */,
			);
			name = BarChartExampleTests;
			productName = BarChartExampleTests;
			productReference = 21981843286319F8000AE2F5 /* BarChartExampleTests.xctest */;
			productType = "com.apple.product-type.bundle.unit-test";
		};
		2198184C286319F8000AE2F5 /* BarChartExampleUITests */ = {
			isa = PBXNativeTarget;
			buildConfigurationList = 2198185D286319F8000AE2F5 /* Build configuration list for PBXNativeTarget "BarChartExampleUITests" */;
			buildPhases = (
				21981849286319F8000AE2F5 /* Sources */,
				2198184A286319F8000AE2F5 /* Frameworks */,
				2198184B286319F8000AE2F5 /* Resources */,
			);
			buildRules = (
			);
			dependencies = (
				2198184F286319F8000AE2F5 /* PBXTargetDependency */,
			);
			name = BarChartExampleUITests;
			productName = BarChartExampleUITests;
			productReference = 2198184D286319F8000AE2F5 /* BarChartExampleUITests.xctest */;
			productType = "com.apple.product-type.bundle.ui-testing";
		};
/* End PBXNativeTarget section */

/* Begin PBXProject section */
		2198182B286319F6000AE2F5 /* Project object */ = {
			isa = PBXProject;
			attributes = {
				BuildIndependentTargetsInParallel = 1;
				LastSwiftUpdateCheck = 1400;
				LastUpgradeCheck = 1400;
				TargetAttributes = {
					21981832286319F6000AE2F5 = {
						CreatedOnToolsVersion = 14.0;
					};
					21981842286319F8000AE2F5 = {
						CreatedOnToolsVersion = 14.0;
						TestTargetID = 21981832286319F6000AE2F5;
					};
					2198184C286319F8000AE2F5 = {
						CreatedOnToolsVersion = 14.0;
						TestTargetID = 21981832286319F6000AE2F5;
					};
				};
			};
			buildConfigurationList = 2198182E286319F6000AE2F5 /* Build configuration list for PBXProject "BarChartExample" */;
			compatibilityVersion = "Xcode 14.0";
			developmentRegion = en;
			hasScannedForEncodings = 0;
			knownRegions = (
				en,
				Base,
			);
			mainGroup = 2198182A286319F6000AE2F5;
			productRefGroup = 21981834286319F6000AE2F5 /* Products */;
			projectDirPath = "";
			projectRoot = "";
			targets = (
				21981832286319F6000AE2F5 /* BarChartExample */,
				21981842286319F8000AE2F5 /* BarChartExampleTests */,
				2198184C286319F8000AE2F5 /* BarChartExampleUITests */,
			);
		};
/* End PBXProject section */

/* Begin PBXResourcesBuildPhase section */
		21981831286319F6000AE2F5 /* Resources */ = {
			isa = PBXResourcesBuildPhase;
			buildActionMask = 2147483647;
			files = (
				2198183E286319F8000AE2F5 /* Preview Assets.xcassets in Resources */,
				2198183B286319F8000AE2F5 /* Assets.xcassets in Resources */,
			);
			runOnlyForDeploymentPostprocessing = 0;
		};
		21981841286319F8000AE2F5 /* Resources */ = {
			isa = PBXResourcesBuildPhase;
			buildActionMask = 2147483647;
			files = (
			);
			runOnlyForDeploymentPostprocessing = 0;
		};
		2198184B286319F8000AE2F5 /* Resources */ = {
			isa = PBXResourcesBuildPhase;
			buildActionMask = 2147483647;
			files = (
			);
			runOnlyForDeploymentPostprocessing = 0;
		};
/* End PBXResourcesBuildPhase section */

/* Begin PBXSourcesBuildPhase section */
		2198182F286319F6000AE2F5 /* Sources */ = {
			isa = PBXSourcesBuildPhase;
			buildActionMask = 2147483647;
			files = (
				21981839286319F6000AE2F5 /* ContentView.swift in Sources */,
				21981837286319F6000AE2F5 /* BarChartExampleApp.swift in Sources */,
			);
			runOnlyForDeploymentPostprocessing = 0;
		};
		2198183F286319F8000AE2F5 /* Sources */ = {
			isa = PBXSourcesBuildPhase;
			buildActionMask = 2147483647;
			files = (
				21981848286319F8000AE2F5 /* BarChartExampleTests.swift in Sources */,
			);
			runOnlyForDeploymentPostprocessing = 0;
		};
		21981849286319F8000AE2F5 /* Sources */ = {
			isa = PBXSourcesBuildPhase;
			buildActionMask = 2147483647;
			files = (
				21981854286319F8000AE2F5 /* BarChartExampleUITestsLaunchTests.swift in Sources */,
				21981852286319F8000AE2F5 /* BarChartExampleUITests.swift in Sources */,
			);
			runOnlyForDeploymentPostprocessing = 0;
		};
/* End PBXSourcesBuildPhase section */

/* Begin PBXTargetDependency section */
		21981845286319F8000AE2F5 /* PBXTargetDependency */ = {
			isa = PBXTargetDependency;
			target = 21981832286319F6000AE2F5 /* BarChartExample */;
			targetProxy = 21981844286319F8000AE2F5 /* PBXContainerItemProxy */;
		};
		2198184F286319F8000AE2F5 /* PBXTargetDependency */ = {
			isa = PBXTargetDependency;
			target = 21981832286319F6000AE2F5 /* BarChartExample */;
			targetProxy = 2198184E286319F8000AE2F5 /* PBXContainerItemProxy */;
		};
/* End PBXTargetDependency section */

/* Begin XCBuildConfiguration section */
		21981855286319F8000AE2F5 /* Debug */ = {
			isa = XCBuildConfiguration;
			buildSettings = {
				ALWAYS_SEARCH_USER_PATHS = NO;
				CLANG_ANALYZER_NONNULL = YES;
				CLANG_ANALYZER_NUMBER_OBJECT_CONVERSION = YES_AGGRESSIVE;
				CLANG_CXX_LANGUAGE_STANDARD = "gnu++17";
				CLANG_ENABLE_MODULES = YES;
				CLANG_ENABLE_OBJC_ARC = YES;
				CLANG_ENABLE_OBJC_WEAK = YES;
				CLANG_WARN_BLOCK_CAPTURE_AUTORELEASING = YES;
				CLANG_WARN_BOOL_CONVERSION = YES;
				CLANG_WARN_COMMA = YES;
				CLANG_WARN_CONSTANT_CONVERSION = YES;
				CLANG_WARN_DEPRECATED_OBJC_IMPLEMENTATIONS = YES;
				CLANG_WARN_DIRECT_OBJC_ISA_USAGE = YES_ERROR;
				CLANG_WARN_DOCUMENTATION_COMMENTS = YES;
				CLANG_WARN_EMPTY_BODY = YES;
				CLANG_WARN_ENUM_CONVERSION = YES;
				CLANG_WARN_INFINITE_RECURSION = YES;
				CLANG_WARN_INT_CONVERSION = YES;
				CLANG_WARN_NON_LITERAL_NULL_CONVERSION = YES;
				CLANG_WARN_OBJC_IMPLICIT_RETAIN_SELF = YES;
				CLANG_WARN_OBJC_LITERAL_CONVERSION = YES;
				CLANG_WARN_OBJC_ROOT_CLASS = YES_ERROR;
				CLANG_WARN_QUOTED_INCLUDE_IN_FRAMEWORK_HEADER = YES;
				CLANG_WARN_RANGE_LOOP_ANALYSIS = YES;
				CLANG_WARN_STRICT_PROTOTYPES = YES;
				CLANG_WARN_SUSPICIOUS_MOVE = YES;
				CLANG_WARN_UNGUARDED_AVAILABILITY = YES_AGGRESSIVE;
				CLANG_WARN_UNREACHABLE_CODE = YES;
				CLANG_WARN__DUPLICATE_METHOD_MATCH = YES;
				COPY_PHASE_STRIP = NO;
				DEBUG_INFORMATION_FORMAT = dwarf;
				ENABLE_STRICT_OBJC_MSGSEND = YES;
				ENABLE_TESTABILITY = YES;
				GCC_C_LANGUAGE_STANDARD = gnu11;
				GCC_DYNAMIC_NO_PIC = NO;
				GCC_NO_COMMON_BLOCKS = YES;
				GCC_OPTIMIZATION_LEVEL = 0;
				GCC_PREPROCESSOR_DEFINITIONS = (
					"DEBUG=1",
					"$(inherited)",
				);
				GCC_WARN_64_TO_32_BIT_CONVERSION = YES;
				GCC_WARN_ABOUT_RETURN_TYPE = YES_ERROR;
				GCC_WARN_UNDECLARED_SELECTOR = YES;
				GCC_WARN_UNINITIALIZED_AUTOS = YES_AGGRESSIVE;
				GCC_WARN_UNUSED_FUNCTION = YES;
				GCC_WARN_UNUSED_VARIABLE = YES;
				IPHONEOS_DEPLOYMENT_TARGET = 16.0;
				MTL_ENABLE_DEBUG_INFO = INCLUDE_SOURCE;
				MTL_FAST_MATH = YES;
				ONLY_ACTIVE_ARCH = YES;
				SDKROOT = iphoneos;
				SWIFT_ACTIVE_COMPILATION_CONDITIONS = DEBUG;
				SWIFT_OPTIMIZATION_LEVEL = "-Onone";
			};
			name = Debug;
		};
		21981856286319F8000AE2F5 /* Release */ = {
			isa = XCBuildConfiguration;
			buildSettings = {
				ALWAYS_SEARCH_USER_PATHS = NO;
				CLANG_ANALYZER_NONNULL = YES;
				CLANG_ANALYZER_NUMBER_OBJECT_CONVERSION = YES_AGGRESSIVE;
				CLANG_CXX_LANGUAGE_STANDARD = "gnu++17";
				CLANG_ENABLE_MODULES = YES;
				CLANG_ENABLE_OBJC_ARC = YES;
				CLANG_ENABLE_OBJC_WEAK = YES;
				CLANG_WARN_BLOCK_CAPTURE_AUTORELEASING = YES;
				CLANG_WARN_BOOL_CONVERSION = YES;
				CLANG_WARN_COMMA = YES;
				CLANG_WARN_CONSTANT_CONVERSION = YES;
				CLANG_WARN_DEPRECATED_OBJC_IMPLEMENTATIONS = YES;
				CLANG_WARN_DIRECT_OBJC_ISA_USAGE = YES_ERROR;
				CLANG_WARN_DOCUMENTATION_COMMENTS = YES;
				CLANG_WARN_EMPTY_BODY = YES;
				CLANG_WARN_ENUM_CONVERSION = YES;
				CLANG_WARN_INFINITE_RECURSION = YES;
				CLANG_WARN_INT_CONVERSION = YES;
				CLANG_WARN_NON_LITERAL_NULL_CONVERSION = YES;
				CLANG_WARN_OBJC_IMPLICIT_RETAIN_SELF = YES;
				CLANG_WARN_OBJC_LITERAL_CONVERSION = YES;
				CLANG_WARN_OBJC_ROOT_CLASS = YES_ERROR;
				CLANG_WARN_QUOTED_INCLUDE_IN_FRAMEWORK_HEADER = YES;
				CLANG_WARN_RANGE_LOOP_ANALYSIS = YES;
				CLANG_WARN_STRICT_PROTOTYPES = YES;
				CLANG_WARN_SUSPICIOUS_MOVE = YES;
				CLANG_WARN_UNGUARDED_AVAILABILITY = YES_AGGRESSIVE;
				CLANG_WARN_UNREACHABLE_CODE = YES;
				CLANG_WARN__DUPLICATE_METHOD_MATCH = YES;
				COPY_PHASE_STRIP = NO;
				DEBUG_INFORMATION_FORMAT = "dwarf-with-dsym";
				ENABLE_NS_ASSERTIONS = NO;
				ENABLE_STRICT_OBJC_MSGSEND = YES;
				GCC_C_LANGUAGE_STANDARD = gnu11;
				GCC_NO_COMMON_BLOCKS = YES;
				GCC_WARN_64_TO_32_BIT_CONVERSION = YES;
				GCC_WARN_ABOUT_RETURN_TYPE = YES_ERROR;
				GCC_WARN_UNDECLARED_SELECTOR = YES;
				GCC_WARN_UNINITIALIZED_AUTOS = YES_AGGRESSIVE;
				GCC_WARN_UNUSED_FUNCTION = YES;
				GCC_WARN_UNUSED_VARIABLE = YES;
				IPHONEOS_DEPLOYMENT_TARGET = 16.0;
				MTL_ENABLE_DEBUG_INFO = NO;
				MTL_FAST_MATH = YES;
				SDKROOT = iphoneos;
				SWIFT_COMPILATION_MODE = wholemodule;
				SWIFT_OPTIMIZATION_LEVEL = "-O";
				VALIDATE_PRODUCT = YES;
			};
			name = Release;
		};
		21981858286319F8000AE2F5 /* Debug */ = {
			isa = XCBuildConfiguration;
			buildSettings = {
				ASSETCATALOG_COMPILER_APPICON_NAME = AppIcon;
				ASSETCATALOG_COMPILER_GLOBAL_ACCENT_COLOR_NAME = AccentColor;
				CODE_SIGN_STYLE = Automatic;
				CURRENT_PROJECT_VERSION = 1;
				DEVELOPMENT_ASSET_PATHS = "\"BarChartExample/Preview Content\"";
				DEVELOPMENT_TEAM = 48GWJKGD2K;
				ENABLE_PREVIEWS = YES;
				GENERATE_INFOPLIST_FILE = YES;
				INFOPLIST_KEY_UIApplicationSceneManifest_Generation = YES;
				INFOPLIST_KEY_UIApplicationSupportsIndirectInputEvents = YES;
				INFOPLIST_KEY_UILaunchScreen_Generation = YES;
				INFOPLIST_KEY_UISupportedInterfaceOrientations_iPad = "UIInterfaceOrientationPortrait UIInterfaceOrientationPortraitUpsideDown UIInterfaceOrientationLandscapeLeft UIInterfaceOrientationLandscapeRight";
				INFOPLIST_KEY_UISupportedInterfaceOrientations_iPhone = "UIInterfaceOrientationPortrait UIInterfaceOrientationLandscapeLeft UIInterfaceOrientationLandscapeRight";
				LD_RUNPATH_SEARCH_PATHS = (
					"$(inherited)",
					"@executable_path/Frameworks",
				);
				MARKETING_VERSION = 1.0;
				PRODUCT_BUNDLE_IDENTIFIER = app.suzuki.aoba.BarChartExample;
				PRODUCT_NAME = "$(TARGET_NAME)";
				SWIFT_EMIT_LOC_STRINGS = YES;
				SWIFT_VERSION = 5.0;
				TARGETED_DEVICE_FAMILY = "1,2";
			};
			name = Debug;
		};
		21981859286319F8000AE2F5 /* Release */ = {
			isa = XCBuildConfiguration;
			buildSettings = {
				ASSETCATALOG_COMPILER_APPICON_NAME = AppIcon;
				ASSETCATALOG_COMPILER_GLOBAL_ACCENT_COLOR_NAME = AccentColor;
				CODE_SIGN_STYLE = Automatic;
				CURRENT_PROJECT_VERSION = 1;
				DEVELOPMENT_ASSET_PATHS = "\"BarChartExample/Preview Content\"";
				DEVELOPMENT_TEAM = 48GWJKGD2K;
				ENABLE_PREVIEWS = YES;
				GENERATE_INFOPLIST_FILE = YES;
				INFOPLIST_KEY_UIApplicationSceneManifest_Generation = YES;
				INFOPLIST_KEY_UIApplicationSupportsIndirectInputEvents = YES;
				INFOPLIST_KEY_UILaunchScreen_Generation = YES;
				INFOPLIST_KEY_UISupportedInterfaceOrientations_iPad = "UIInterfaceOrientationPortrait UIInterfaceOrientationPortraitUpsideDown UIInterfaceOrientationLandscapeLeft UIInterfaceOrientationLandscapeRight";
				INFOPLIST_KEY_UISupportedInterfaceOrientations_iPhone = "UIInterfaceOrientationPortrait UIInterfaceOrientationLandscapeLeft UIInterfaceOrientationLandscapeRight";
				LD_RUNPATH_SEARCH_PATHS = (
					"$(inherited)",
					"@executable_path/Frameworks",
				);
				MARKETING_VERSION = 1.0;
				PRODUCT_BUNDLE_IDENTIFIER = app.suzuki.aoba.BarChartExample;
				PRODUCT_NAME = "$(TARGET_NAME)";
				SWIFT_EMIT_LOC_STRINGS = YES;
				SWIFT_VERSION = 5.0;
				TARGETED_DEVICE_FAMILY = "1,2";
			};
			name = Release;
		};
		2198185B286319F8000AE2F5 /* Debug */ = {
			isa = XCBuildConfiguration;
			buildSettings = {
				ALWAYS_EMBED_SWIFT_STANDARD_LIBRARIES = YES;
				BUNDLE_LOADER = "$(TEST_HOST)";
				CODE_SIGN_STYLE = Automatic;
				CURRENT_PROJECT_VERSION = 1;
				GENERATE_INFOPLIST_FILE = YES;
				IPHONEOS_DEPLOYMENT_TARGET = 16.0;
				MARKETING_VERSION = 1.0;
				PRODUCT_BUNDLE_IDENTIFIER = app.suzuki.aoba.BarChartExampleTests;
				PRODUCT_NAME = "$(TARGET_NAME)";
				SWIFT_EMIT_LOC_STRINGS = NO;
				SWIFT_VERSION = 5.0;
				TARGETED_DEVICE_FAMILY = "1,2";
				TEST_HOST = "$(BUILT_PRODUCTS_DIR)/BarChartExample.app/$(BUNDLE_EXECUTABLE_FOLDER_PATH)/BarChartExample";
			};
			name = Debug;
		};
		2198185C286319F8000AE2F5 /* Release */ = {
			isa = XCBuildConfiguration;
			buildSettings = {
				ALWAYS_EMBED_SWIFT_STANDARD_LIBRARIES = YES;
				BUNDLE_LOADER = "$(TEST_HOST)";
				CODE_SIGN_STYLE = Automatic;
				CURRENT_PROJECT_VERSION = 1;
				GENERATE_INFOPLIST_FILE = YES;
				IPHONEOS_DEPLOYMENT_TARGET = 16.0;
				MARKETING_VERSION = 1.0;
				PRODUCT_BUNDLE_IDENTIFIER = app.suzuki.aoba.BarChartExampleTests;
				PRODUCT_NAME = "$(TARGET_NAME)";
				SWIFT_EMIT_LOC_STRINGS = NO;
				SWIFT_VERSION = 5.0;
				TARGETED_DEVICE_FAMILY = "1,2";
				TEST_HOST = "$(BUILT_PRODUCTS_DIR)/BarChartExample.app/$(BUNDLE_EXECUTABLE_FOLDER_PATH)/BarChartExample";
			};
			name = Release;
		};
		2198185E286319F8000AE2F5 /* Debug */ = {
			isa = XCBuildConfiguration;
			buildSettings = {
				ALWAYS_EMBED_SWIFT_STANDARD_LIBRARIES = YES;
				CODE_SIGN_STYLE = Automatic;
				CURRENT_PROJECT_VERSION = 1;
				GENERATE_INFOPLIST_FILE = YES;
				MARKETING_VERSION = 1.0;
				PRODUCT_BUNDLE_IDENTIFIER = app.suzuki.aoba.BarChartExampleUITests;
				PRODUCT_NAME = "$(TARGET_NAME)";
				SWIFT_EMIT_LOC_STRINGS = NO;
				SWIFT_VERSION = 5.0;
				TARGETED_DEVICE_FAMILY = "1,2";
				TEST_TARGET_NAME = BarChartExample;
			};
			name = Debug;
		};
		2198185F286319F8000AE2F5 /* Release */ = {
			isa = XCBuildConfiguration;
			buildSettings = {
				ALWAYS_EMBED_SWIFT_STANDARD_LIBRARIES = YES;
				CODE_SIGN_STYLE = Automatic;
				CURRENT_PROJECT_VERSION = 1;
				GENERATE_INFOPLIST_FILE = YES;
				MARKETING_VERSION = 1.0;
				PRODUCT_BUNDLE_IDENTIFIER = app.suzuki.aoba.BarChartExampleUITests;
				PRODUCT_NAME = "$(TARGET_NAME)";
				SWIFT_EMIT_LOC_STRINGS = NO;
				SWIFT_VERSION = 5.0;
				TARGETED_DEVICE_FAMILY = "1,2";
				TEST_TARGET_NAME = BarChartExample;
			};
			name = Release;
		};
/* End XCBuildConfiguration section */

/* Begin XCConfigurationList section */
		2198182E286319F6000AE2F5 /* Build configuration list for PBXProject "BarChartExample" */ = {
			isa = XCConfigurationList;
			buildConfigurations = (
				21981855286319F8000AE2F5 /* Debug */,
				21981856286319F8000AE2F5 /* Release */,
			);
			defaultConfigurationIsVisible = 0;
			defaultConfigurationName = Release;
		};
		21981857286319F8000AE2F5 /* Build configuration list for PBXNativeTarget "BarChartExample" */ = {
			isa = XCConfigurationList;
			buildConfigurations = (
				21981858286319F8000AE2F5 /* Debug */,
				21981859286319F8000AE2F5 /* Release */,
			);
			defaultConfigurationIsVisible = 0;
			defaultConfigurationName = Release;
		};
		2198185A286319F8000AE2F5 /* Build configuration list for PBXNativeTarget "BarChartExampleTests" */ = {
			isa = XCConfigurationList;
			buildConfigurations = (
				2198185B286319F8000AE2F5 /* Debug */,
				2198185C286319F8000AE2F5 /* Release */,
			);
			defaultConfigurationIsVisible = 0;
			defaultConfigurationName = Release;
		};
		2198185D286319F8000AE2F5 /* Build configuration list for PBXNativeTarget "BarChartExampleUITests" */ = {
			isa = XCConfigurationList;
			buildConfigurations = (
				2198185E286319F8000AE2F5 /* Debug */,
				2198185F286319F8000AE2F5 /* Release */,
			);
			defaultConfigurationIsVisible = 0;
			defaultConfigurationName = Release;
		};
/* End XCConfigurationList section */
	};
	rootObject = 2198182B286319F6000AE2F5 /* Project object */;
}
