{
  "pins" : [
    {
      "identity" : "realm-core",
      "kind" : "remoteSourceControl",
      "location" : "https://github.com/realm/realm-core",
      "state" : {
        "revision" : "fd48276f88f3d55dbdcdc9e8cbf32541811d5865",
        "version" : "12.1.0"
      }
    },
    {
      "identity" : "realm-swift",
      "kind" : "remoteSourceControl",
      "location" : "https://github.com/aheze/realm-swift",
      "state" : {
        "branch" : "master",
        "revision" : "6f8846b6b22c70d31f5395fca77f6da7d23eed44"
      }
    }
  ],
  "version" : 2
}
