// !$*UTF8*$!
{
	archiveVersion = 1;
	classes = {
	};
	objectVersion = 52;
	objects = {

/* Begin PBXBuildFile section */
		211BB55F26A80AE900655F2F /* ChartViewController.swift in Sources */ = {isa = PBXBuildFile; fileRef = 211BB55E26A80AE900655F2F /* ChartViewController.swift */; };
		212D7BBE26D65676004561B0 /* AppDelegate.swift in Sources */ = {isa = PBXBuildFile; fileRef = 212D7BBD26D65676004561B0 /* AppDelegate.swift */; };
		212D7BC026D65686004561B0 /* SceneDelegate.swift in Sources */ = {isa = PBXBuildFile; fileRef = 212D7BBF26D65686004561B0 /* SceneDelegate.swift */; };
		212D7BC226D65D2B004561B0 /* Memo.swift in Sources */ = {isa = PBXBuildFile; fileRef = 212D7BC126D65D2B004561B0 /* Memo.swift */; };
		214521B627FA863B00A9C9DC /* HighlightCollectionViewCell.swift in Sources */ = {isa = PBXBuildFile; fileRef = 214521B427FA863B00A9C9DC /* HighlightCollectionViewCell.swift */; };
		214521B727FA863B00A9C9DC /* HighlightCollectionViewCell.xib in Resources */ = {isa = PBXBuildFile; fileRef = 214521B527FA863B00A9C9DC /* HighlightCollectionViewCell.xib */; };
		216771B0269EF2570005F50C /* StopWatchViewController.swift in Sources */ = {isa = PBXBuildFile; fileRef = 216771AF269EF2570005F50C /* StopWatchViewController.swift */; };
		217A1F9527DDF13D0082B2BC /* Colors.xcassets in Resources */ = {isa = PBXBuildFile; fileRef = 217A1F9427DDF13D0082B2BC /* Colors.xcassets */; };
		218C51AC27FBE74A00973A80 /* HighlightViewController.swift in Sources */ = {isa = PBXBuildFile; fileRef = 218C51AB27FBE74A00973A80 /* HighlightViewController.swift */; };
		2196BA0B2856022800FA8D61 /* BarChart.swift in Sources */ = {isa = PBXBuildFile; fileRef = 2196BA0A2856022800FA8D61 /* BarChart.swift */; };
		2198C50B28758B71000C705C /* StudyRecordManager.swift in Sources */ = {isa = PBXBuildFile; fileRef = 2198C50A28758B71000C705C /* StudyRecordManager.swift */; };
		2199B75E286C52AC00018ADB /* ChartContentView.swift in Sources */ = {isa = PBXBuildFile; fileRef = 2199B75D286C52AC00018ADB /* ChartContentView.swift */; };
		2199B760286C547E00018ADB /* ChartPeriodView.swift in Sources */ = {isa = PBXBuildFile; fileRef = 2199B75F286C547E00018ADB /* ChartPeriodView.swift */; };
		219D151428B605A600193068 /* TargetViewController.swift in Sources */ = {isa = PBXBuildFile; fileRef = 219D151328B605A600193068 /* TargetViewController.swift */; };
		219D151628B6225900193068 /* TimerViewController..swift in Sources */ = {isa = PBXBuildFile; fileRef = 219D151528B6225900193068 /* TimerViewController..swift */; };
		219D151A28B635C600193068 /* TimerCollectionViewCell.xib in Resources */ = {isa = PBXBuildFile; fileRef = 219D151928B635C600193068 /* TimerCollectionViewCell.xib */; };
		219D151D28B63A5F00193068 /* TimerCollectionViewCell.swift in Sources */ = {isa = PBXBuildFile; fileRef = 219D151C28B63A5F00193068 /* TimerCollectionViewCell.swift */; };
		219D152028B74F8B00193068 /* water.gif in Resources */ = {isa = PBXBuildFile; fileRef = 219D151F28B74F8A00193068 /* water.gif */; };
		219D152328B753C400193068 /* Gifu in Frameworks */ = {isa = PBXBuildFile; productRef = 219D152228B753C400193068 /* Gifu */; };
		219D152528B7586D00193068 /* water02.gif in Resources */ = {isa = PBXBuildFile; fileRef = 219D152428B7586D00193068 /* water02.gif */; };
		21A1D4A3268C67B100C07A86 /* Assets.xcassets in Resources */ = {isa = PBXBuildFile; fileRef = 21A1D4A2268C67B100C07A86 /* Assets.xcassets */; };
		21A1D4A6268C67B100C07A86 /* LaunchScreen.storyboard in Resources */ = {isa = PBXBuildFile; fileRef = 21A1D4A4268C67B100C07A86 /* LaunchScreen.storyboard */; };
		21A342BA289147AC00243BCD /* HealthDataViewController.swift in Sources */ = {isa = PBXBuildFile; fileRef = 21A342B9289147AC00243BCD /* HealthDataViewController.swift */; };
		21A342BC289425FE00243BCD /* HighlightCell.swift in Sources */ = {isa = PBXBuildFile; fileRef = 21A342BB289425FE00243BCD /* HighlightCell.swift */; };
		21A4B7C928A722FE00699C36 /* HealthViewController.swift in Sources */ = {isa = PBXBuildFile; fileRef = 21A4B7C828A722FE00699C36 /* HealthViewController.swift */; };
		21A4B7CE28A74CF400699C36 /* HealthKit.framework in Frameworks */ = {isa = PBXBuildFile; fileRef = 21A4B7CD28A74CF300699C36 /* HealthKit.framework */; };
		21B0A6DD28855BDF00CFE312 /* Main.storyboard in Resources */ = {isa = PBXBuildFile; fileRef = 21B0A6DB28855BDF00CFE312 /* Main.storyboard */; };
		21D848D32855E0610016BACD /* Realm in Frameworks */ = {isa = PBXBuildFile; productRef = 21D848D22855E0610016BACD /* Realm */; };
		21D848D52855E0610016BACD /* RealmSwift in Frameworks */ = {isa = PBXBuildFile; productRef = 21D848D42855E0610016BACD /* RealmSwift */; };
/* End PBXBuildFile section */

/* Begin PBXFileReference section */
		211BB55E26A80AE900655F2F /* ChartViewController.swift */ = {isa = PBXFileReference; lastKnownFileType = sourcecode.swift; path = ChartViewController.swift; sourceTree = "<group>"; };
		212D7BBD26D65676004561B0 /* AppDelegate.swift */ = {isa = PBXFileReference; fileEncoding = 4; lastKnownFileType = sourcecode.swift; path = AppDelegate.swift; sourceTree = "<group>"; };
		212D7BBF26D65686004561B0 /* SceneDelegate.swift */ = {isa = PBXFileReference; fileEncoding = 4; lastKnownFileType = sourcecode.swift; path = SceneDelegate.swift; sourceTree = "<group>"; };
		212D7BC126D65D2B004561B0 /* Memo.swift */ = {isa = PBXFileReference; fileEncoding = 4; lastKnownFileType = sourcecode.swift; path = Memo.swift; sourceTree = "<group>"; };
		214521B427FA863B00A9C9DC /* HighlightCollectionViewCell.swift */ = {isa = PBXFileReference; lastKnownFileType = sourcecode.swift; path = HighlightCollectionViewCell.swift; sourceTree = "<group>"; };
		214521B527FA863B00A9C9DC /* HighlightCollectionViewCell.xib */ = {isa = PBXFileReference; lastKnownFileType = file.xib; path = HighlightCollectionViewCell.xib; sourceTree = "<group>"; };
		216771AF269EF2570005F50C /* StopWatchViewController.swift */ = {isa = PBXFileReference; lastKnownFileType = sourcecode.swift; path = StopWatchViewController.swift; sourceTree = "<group>"; };
		217A1F9427DDF13D0082B2BC /* Colors.xcassets */ = {isa = PBXFileReference; lastKnownFileType = folder.assetcatalog; path = Colors.xcassets; sourceTree = "<group>"; };
		218C51AB27FBE74A00973A80 /* HighlightViewController.swift */ = {isa = PBXFileReference; lastKnownFileType = sourcecode.swift; path = HighlightViewController.swift; sourceTree = "<group>"; };
		2196BA0A2856022800FA8D61 /* BarChart.swift */ = {isa = PBXFileReference; lastKnownFileType = sourcecode.swift; path = BarChart.swift; sourceTree = "<group>"; };
		2198C50A28758B71000C705C /* StudyRecordManager.swift */ = {isa = PBXFileReference; lastKnownFileType = sourcecode.swift; path = StudyRecordManager.swift; sourceTree = "<group>"; };
		2199B75D286C52AC00018ADB /* ChartContentView.swift */ = {isa = PBXFileReference; lastKnownFileType = sourcecode.swift; path = ChartContentView.swift; sourceTree = "<group>"; };
		2199B75F286C547E00018ADB /* ChartPeriodView.swift */ = {isa = PBXFileReference; lastKnownFileType = sourcecode.swift; path = ChartPeriodView.swift; sourceTree = "<group>"; };
		219D151328B605A600193068 /* TargetViewController.swift */ = {isa = PBXFileReference; lastKnownFileType = sourcecode.swift; path = TargetViewController.swift; sourceTree = "<group>"; };
		219D151528B6225900193068 /* TimerViewController..swift */ = {isa = PBXFileReference; lastKnownFileType = sourcecode.swift; path = TimerViewController..swift; sourceTree = "<group>"; };
		219D151928B635C600193068 /* TimerCollectionViewCell.xib */ = {isa = PBXFileReference; lastKnownFileType = file.xib; path = TimerCollectionViewCell.xib; sourceTree = "<group>"; };
		219D151C28B63A5F00193068 /* TimerCollectionViewCell.swift */ = {isa = PBXFileReference; lastKnownFileType = sourcecode.swift; path = TimerCollectionViewCell.swift; sourceTree = "<group>"; };
		219D151F28B74F8A00193068 /* water.gif */ = {isa = PBXFileReference; lastKnownFileType = image.gif; path = water.gif; sourceTree = "<group>"; };
		219D152428B7586D00193068 /* water02.gif */ = {isa = PBXFileReference; lastKnownFileType = image.gif; path = water02.gif; sourceTree = "<group>"; };
		21A1D496268C67AD00C07A86 /* Calendar.app */ = {isa = PBXFileReference; explicitFileType = wrapper.application; includeInIndex = 0; path = Calendar.app; sourceTree = BUILT_PRODUCTS_DIR; };
		21A1D4A2268C67B100C07A86 /* Assets.xcassets */ = {isa = PBXFileReference; lastKnownFileType = folder.assetcatalog; path = Assets.xcassets; sourceTree = "<group>"; };
		21A1D4A5268C67B100C07A86 /* Base */ = {isa = PBXFileReference; lastKnownFileType = file.storyboard; name = Base; path = Base.lproj/LaunchScreen.storyboard; sourceTree = "<group>"; };
		21A1D4A7268C67B100C07A86 /* Info.plist */ = {isa = PBXFileReference; lastKnownFileType = text.plist.xml; path = Info.plist; sourceTree = "<group>"; };
		21A342B9289147AC00243BCD /* HealthDataViewController.swift */ = {isa = PBXFileReference; lastKnownFileType = sourcecode.swift; path = HealthDataViewController.swift; sourceTree = "<group>"; };
		21A342BB289425FE00243BCD /* HighlightCell.swift */ = {isa = PBXFileReference; lastKnownFileType = sourcecode.swift; path = HighlightCell.swift; sourceTree = "<group>"; };
		21A4B7C828A722FE00699C36 /* HealthViewController.swift */ = {isa = PBXFileReference; lastKnownFileType = sourcecode.swift; path = HealthViewController.swift; sourceTree = "<group>"; };
		21A4B7CB28A72D2100699C36 /* Calendar.entitlements */ = {isa = PBXFileReference; lastKnownFileType = text.plist.entitlements; path = Calendar.entitlements; sourceTree = "<group>"; };
		21A4B7CD28A74CF300699C36 /* HealthKit.framework */ = {isa = PBXFileReference; lastKnownFileType = wrapper.framework; name = HealthKit.framework; path = System/Library/Frameworks/HealthKit.framework; sourceTree = SDKROOT; };
		21B0A6DC28855BDF00CFE312 /* Base */ = {isa = PBXFileReference; lastKnownFileType = file.storyboard; name = Base; path = Calendar/Base.lproj/Main.storyboard; sourceTree = "<group>"; };
/* End PBXFileReference section */

/* Begin PBXFrameworksBuildPhase section */
		21A1D493268C67AD00C07A86 /* Frameworks */ = {
			isa = PBXFrameworksBuildPhase;
			buildActionMask = 2147483647;
			files = (
				21A4B7CE28A74CF400699C36 /* HealthKit.framework in Frameworks */,
				21D848D52855E0610016BACD /* RealmSwift in Frameworks */,
				21D848D32855E0610016BACD /* Realm in Frameworks */,
				219D152328B753C400193068 /* Gifu in Frameworks */,
			);
			runOnlyForDeploymentPostprocessing = 0;
		};
/* End PBXFrameworksBuildPhase section */

/* Begin PBXGroup section */
		2197B175288806E800D23030 /* ChartView */ = {
			isa = PBXGroup;
			children = (
				211BB55E26A80AE900655F2F /* ChartViewController.swift */,
				2196BA0A2856022800FA8D61 /* BarChart.swift */,
				2198C50A28758B71000C705C /* StudyRecordManager.swift */,
				2199B75D286C52AC00018ADB /* ChartContentView.swift */,
				2199B75F286C547E00018ADB /* ChartPeriodView.swift */,
			);
			path = ChartView;
			sourceTree = "<group>";
		};
		219D151828B6357300193068 /*  HighlightView */ = {
			isa = PBXGroup;
			children = (
				219D151328B605A600193068 /* TargetViewController.swift */,
				216771AF269EF2570005F50C /* StopWatchViewController.swift */,
				219D151928B635C600193068 /* TimerCollectionViewCell.xib */,
				219D151C28B63A5F00193068 /* TimerCollectionViewCell.swift */,
			);
			path = " HighlightView";
			sourceTree = "<group>";
		};
		21A1D48D268C67AD00C07A86 = {
			isa = PBXGroup;
			children = (
				21A1D498268C67AD00C07A86 /* Calendar */,
				21A1D497268C67AD00C07A86 /* Products */,
				21A4B7CC28A74CF200699C36 /* Frameworks */,
			);
			sourceTree = "<group>";
		};
		21A1D497268C67AD00C07A86 /* Products */ = {
			isa = PBXGroup;
			children = (
				21A1D496268C67AD00C07A86 /* Calendar.app */,
			);
			name = Products;
			sourceTree = "<group>";
		};
		21A1D498268C67AD00C07A86 /* Calendar */ = {
			isa = PBXGroup;
			children = (
				21A4B7CB28A72D2100699C36 /* Calendar.entitlements */,
				212D7BBD26D65676004561B0 /* AppDelegate.swift */,
				212D7BBF26D65686004561B0 /* SceneDelegate.swift */,
				21A1D4A4268C67B100C07A86 /* LaunchScreen.storyboard */,
				21B0A6DB28855BDF00CFE312 /* Main.storyboard */,
				212D7BC126D65D2B004561B0 /* Memo.swift */,
				21A342B9289147AC00243BCD /* HealthDataViewController.swift */,
				21A4B7C828A722FE00699C36 /* HealthViewController.swift */,
				219D151528B6225900193068 /* TimerViewController..swift */,
				219D151828B6357300193068 /*  HighlightView */,
				2197B175288806E800D23030 /* ChartView */,
				21A4B7CA28A7285900699C36 /* HighlightView */,
				21A1D4A2268C67B100C07A86 /* Assets.xcassets */,
				217A1F9427DDF13D0082B2BC /* Colors.xcassets */,
				21A1D4A7268C67B100C07A86 /* Info.plist */,
				219D152428B7586D00193068 /* water02.gif */,
				219D151F28B74F8A00193068 /* water.gif */,
			);
			path = Calendar;
			sourceTree = "<group>";
		};
		21A4B7CA28A7285900699C36 /* HighlightView */ = {
			isa = PBXGroup;
			children = (
				21A342BB289425FE00243BCD /* HighlightCell.swift */,
				218C51AB27FBE74A00973A80 /* HighlightViewController.swift */,
				214521B427FA863B00A9C9DC /* HighlightCollectionViewCell.swift */,
				214521B527FA863B00A9C9DC /* HighlightCollectionViewCell.xib */,
			);
			path = HighlightView;
			sourceTree = "<group>";
		};
		21A4B7CC28A74CF200699C36 /* Frameworks */ = {
			isa = PBXGroup;
			children = (
				21A4B7CD28A74CF300699C36 /* HealthKit.framework */,
			);
			name = Frameworks;
			sourceTree = "<group>";
		};
/* End PBXGroup section */

/* Begin PBXNativeTarget section */
		21A1D495268C67AD00C07A86 /* Calendar */ = {
			isa = PBXNativeTarget;
			buildConfigurationList = 21A1D4C0268C67B200C07A86 /* Build configuration list for PBXNativeTarget "Calendar" */;
			buildPhases = (
				21A1D492268C67AD00C07A86 /* Sources */,
				21A1D493268C67AD00C07A86 /* Frameworks */,
				21A1D494268C67AD00C07A86 /* Resources */,
			);
			buildRules = (
			);
			dependencies = (
			);
			name = Calendar;
			packageProductDependencies = (
				21D848D22855E0610016BACD /* Realm */,
				21D848D42855E0610016BACD /* RealmSwift */,
				219D152228B753C400193068 /* Gifu */,
			);
			productName = Calendar;
			productReference = 21A1D496268C67AD00C07A86 /* Calendar.app */;
			productType = "com.apple.product-type.application";
		};
/* End PBXNativeTarget section */

/* Begin PBXProject section */
		21A1D48E268C67AD00C07A86 /* Project object */ = {
			isa = PBXProject;
			attributes = {
				LastSwiftUpdateCheck = 1250;
				LastUpgradeCheck = 1250;
				TargetAttributes = {
					21A1D495268C67AD00C07A86 = {
						CreatedOnToolsVersion = 12.5;
					};
				};
			};
			buildConfigurationList = 21A1D491268C67AD00C07A86 /* Build configuration list for PBXProject "Calendar" */;
			compatibilityVersion = "Xcode 9.3";
			developmentRegion = en;
			hasScannedForEncodings = 0;
			knownRegions = (
				en,
				Base,
			);
			mainGroup = 21A1D48D268C67AD00C07A86;
			packageReferences = (
				21D848D12855E0610016BACD /* XCRemoteSwiftPackageReference "realm-swift" */,
				219D152128B753C400193068 /* XCRemoteSwiftPackageReference "gifu" */,
			);
			productRefGroup = 21A1D497268C67AD00C07A86 /* Products */;
			projectDirPath = "";
			projectRoot = "";
			targets = (
				21A1D495268C67AD00C07A86 /* Calendar */,
			);
		};
/* End PBXProject section */

/* Begin PBXResourcesBuildPhase section */
		21A1D494268C67AD00C07A86 /* Resources */ = {
			isa = PBXResourcesBuildPhase;
			buildActionMask = 2147483647;
			files = (
				217A1F9527DDF13D0082B2BC /* Colors.xcassets in Resources */,
				219D152028B74F8B00193068 /* water.gif in Resources */,
				21A1D4A6268C67B100C07A86 /* LaunchScreen.storyboard in Resources */,
				21B0A6DD28855BDF00CFE312 /* Main.storyboard in Resources */,
				219D152528B7586D00193068 /* water02.gif in Resources */,
				214521B727FA863B00A9C9DC /* HighlightCollectionViewCell.xib in Resources */,
				219D151A28B635C600193068 /* TimerCollectionViewCell.xib in Resources */,
				21A1D4A3268C67B100C07A86 /* Assets.xcassets in Resources */,
			);
			runOnlyForDeploymentPostprocessing = 0;
		};
/* End PBXResourcesBuildPhase section */

/* Begin PBXSourcesBuildPhase section */
		21A1D492268C67AD00C07A86 /* Sources */ = {
			isa = PBXSourcesBuildPhase;
			buildActionMask = 2147483647;
			files = (
				2199B760286C547E00018ADB /* ChartPeriodView.swift in Sources */,
				219D151428B605A600193068 /* TargetViewController.swift in Sources */,
				2198C50B28758B71000C705C /* StudyRecordManager.swift in Sources */,
				219D151D28B63A5F00193068 /* TimerCollectionViewCell.swift in Sources */,
				2196BA0B2856022800FA8D61 /* BarChart.swift in Sources */,
				216771B0269EF2570005F50C /* StopWatchViewController.swift in Sources */,
				21A342BA289147AC00243BCD /* HealthDataViewController.swift in Sources */,
				219D151628B6225900193068 /* TimerViewController..swift in Sources */,
				212D7BC026D65686004561B0 /* SceneDelegate.swift in Sources */,
				214521B627FA863B00A9C9DC /* HighlightCollectionViewCell.swift in Sources */,
				2199B75E286C52AC00018ADB /* ChartContentView.swift in Sources */,
				218C51AC27FBE74A00973A80 /* HighlightViewController.swift in Sources */,
				21A342BC289425FE00243BCD /* HighlightCell.swift in Sources */,
				21A4B7C928A722FE00699C36 /* HealthViewController.swift in Sources */,
				212D7BC226D65D2B004561B0 /* Memo.swift in Sources */,
				212D7BBE26D65676004561B0 /* AppDelegate.swift in Sources */,
				211BB55F26A80AE900655F2F /* ChartViewController.swift in Sources */,
			);
			runOnlyForDeploymentPostprocessing = 0;
		};
/* End PBXSourcesBuildPhase section */

/* Begin PBXVariantGroup section */
		21A1D4A4268C67B100C07A86 /* LaunchScreen.storyboard */ = {
			isa = PBXVariantGroup;
			children = (
				21A1D4A5268C67B100C07A86 /* Base */,
			);
			name = LaunchScreen.storyboard;
			sourceTree = "<group>";
		};
		21B0A6DB28855BDF00CFE312 /* Main.storyboard */ = {
			isa = PBXVariantGroup;
			children = (
				21B0A6DC28855BDF00CFE312 /* Base */,
			);
			name = Main.storyboard;
			sourceTree = "<group>";
		};
/* End PBXVariantGroup section */

/* Begin XCBuildConfiguration section */
		21A1D4BE268C67B200C07A86 /* Debug */ = {
			isa = XCBuildConfiguration;
			buildSettings = {
				ALWAYS_SEARCH_USER_PATHS = NO;
				CLANG_ANALYZER_NONNULL = YES;
				CLANG_ANALYZER_NUMBER_OBJECT_CONVERSION = YES_AGGRESSIVE;
				CLANG_CXX_LANGUAGE_STANDARD = "gnu++14";
				CLANG_CXX_LIBRARY = "libc++";
				CLANG_ENABLE_MODULES = YES;
				CLANG_ENABLE_OBJC_ARC = YES;
				CLANG_ENABLE_OBJC_WEAK = YES;
				CLANG_WARN_BLOCK_CAPTURE_AUTORELEASING = YES;
				CLANG_WARN_BOOL_CONVERSION = YES;
				CLANG_WARN_COMMA = YES;
				CLANG_WARN_CONSTANT_CONVERSION = YES;
				CLANG_WARN_DEPRECATED_OBJC_IMPLEMENTATIONS = YES;
				CLANG_WARN_DIRECT_OBJC_ISA_USAGE = YES_ERROR;
				CLANG_WARN_DOCUMENTATION_COMMENTS = YES;
				CLANG_WARN_EMPTY_BODY = YES;
				CLANG_WARN_ENUM_CONVERSION = YES;
				CLANG_WARN_INFINITE_RECURSION = YES;
				CLANG_WARN_INT_CONVERSION = YES;
				CLANG_WARN_NON_LITERAL_NULL_CONVERSION = YES;
				CLANG_WARN_OBJC_IMPLICIT_RETAIN_SELF = YES;
				CLANG_WARN_OBJC_LITERAL_CONVERSION = YES;
				CLANG_WARN_OBJC_ROOT_CLASS = YES_ERROR;
				CLANG_WARN_QUOTED_INCLUDE_IN_FRAMEWORK_HEADER = YES;
				CLANG_WARN_RANGE_LOOP_ANALYSIS = YES;
				CLANG_WARN_STRICT_PROTOTYPES = YES;
				CLANG_WARN_SUSPICIOUS_MOVE = YES;
				CLANG_WARN_UNGUARDED_AVAILABILITY = YES_AGGRESSIVE;
				CLANG_WARN_UNREACHABLE_CODE = YES;
				CLANG_WARN__DUPLICATE_METHOD_MATCH = YES;
				COPY_PHASE_STRIP = NO;
				DEBUG_INFORMATION_FORMAT = dwarf;
				ENABLE_STRICT_OBJC_MSGSEND = YES;
				ENABLE_TESTABILITY = YES;
				GCC_C_LANGUAGE_STANDARD = gnu11;
				GCC_DYNAMIC_NO_PIC = NO;
				GCC_NO_COMMON_BLOCKS = YES;
				GCC_OPTIMIZATION_LEVEL = 0;
				GCC_PREPROCESSOR_DEFINITIONS = (
					"DEBUG=1",
					"$(inherited)",
				);
				GCC_WARN_64_TO_32_BIT_CONVERSION = YES;
				GCC_WARN_ABOUT_RETURN_TYPE = YES_ERROR;
				GCC_WARN_UNDECLARED_SELECTOR = YES;
				GCC_WARN_UNINITIALIZED_AUTOS = YES_AGGRESSIVE;
				GCC_WARN_UNUSED_FUNCTION = YES;
				GCC_WARN_UNUSED_VARIABLE = YES;
				IPHONEOS_DEPLOYMENT_TARGET = 16.0;
				MTL_ENABLE_DEBUG_INFO = INCLUDE_SOURCE;
				MTL_FAST_MATH = YES;
				ONLY_ACTIVE_ARCH = NO;
				SDKROOT = iphoneos;
				SWIFT_ACTIVE_COMPILATION_CONDITIONS = DEBUG;
				SWIFT_OPTIMIZATION_LEVEL = "-Onone";
			};
			name = Debug;
		};
		21A1D4BF268C67B200C07A86 /* Release */ = {
			isa = XCBuildConfiguration;
			buildSettings = {
				ALWAYS_SEARCH_USER_PATHS = NO;
				CLANG_ANALYZER_NONNULL = YES;
				CLANG_ANALYZER_NUMBER_OBJECT_CONVERSION = YES_AGGRESSIVE;
				CLANG_CXX_LANGUAGE_STANDARD = "gnu++14";
				CLANG_CXX_LIBRARY = "libc++";
				CLANG_ENABLE_MODULES = YES;
				CLANG_ENABLE_OBJC_ARC = YES;
				CLANG_ENABLE_OBJC_WEAK = YES;
				CLANG_WARN_BLOCK_CAPTURE_AUTORELEASING = YES;
				CLANG_WARN_BOOL_CONVERSION = YES;
				CLANG_WARN_COMMA = YES;
				CLANG_WARN_CONSTANT_CONVERSION = YES;
				CLANG_WARN_DEPRECATED_OBJC_IMPLEMENTATIONS = YES;
				CLANG_WARN_DIRECT_OBJC_ISA_USAGE = YES_ERROR;
				CLANG_WARN_DOCUMENTATION_COMMENTS = YES;
				CLANG_WARN_EMPTY_BODY = YES;
				CLANG_WARN_ENUM_CONVERSION = YES;
				CLANG_WARN_INFINITE_RECURSION = YES;
				CLANG_WARN_INT_CONVERSION = YES;
				CLANG_WARN_NON_LITERAL_NULL_CONVERSION = YES;
				CLANG_WARN_OBJC_IMPLICIT_RETAIN_SELF = YES;
				CLANG_WARN_OBJC_LITERAL_CONVERSION = YES;
				CLANG_WARN_OBJC_ROOT_CLASS = YES_ERROR;
				CLANG_WARN_QUOTED_INCLUDE_IN_FRAMEWORK_HEADER = YES;
				CLANG_WARN_RANGE_LOOP_ANALYSIS = YES;
				CLANG_WARN_STRICT_PROTOTYPES = YES;
				CLANG_WARN_SUSPICIOUS_MOVE = YES;
				CLANG_WARN_UNGUARDED_AVAILABILITY = YES_AGGRESSIVE;
				CLANG_WARN_UNREACHABLE_CODE = YES;
				CLANG_WARN__DUPLICATE_METHOD_MATCH = YES;
				COPY_PHASE_STRIP = NO;
				DEBUG_INFORMATION_FORMAT = "dwarf-with-dsym";
				ENABLE_NS_ASSERTIONS = NO;
				ENABLE_STRICT_OBJC_MSGSEND = YES;
				GCC_C_LANGUAGE_STANDARD = gnu11;
				GCC_NO_COMMON_BLOCKS = YES;
				GCC_WARN_64_TO_32_BIT_CONVERSION = YES;
				GCC_WARN_ABOUT_RETURN_TYPE = YES_ERROR;
				GCC_WARN_UNDECLARED_SELECTOR = YES;
				GCC_WARN_UNINITIALIZED_AUTOS = YES_AGGRESSIVE;
				GCC_WARN_UNUSED_FUNCTION = YES;
				GCC_WARN_UNUSED_VARIABLE = YES;
				IPHONEOS_DEPLOYMENT_TARGET = 16.0;
				MTL_ENABLE_DEBUG_INFO = NO;
				MTL_FAST_MATH = YES;
				SDKROOT = iphoneos;
				SWIFT_COMPILATION_MODE = wholemodule;
				SWIFT_OPTIMIZATION_LEVEL = "-O";
				VALIDATE_PRODUCT = YES;
			};
			name = Release;
		};
		21A1D4C1268C67B200C07A86 /* Debug */ = {
			isa = XCBuildConfiguration;
			buildSettings = {
				ASSETCATALOG_COMPILER_APPICON_NAME = AppIcon;
				ASSETCATALOG_COMPILER_GLOBAL_ACCENT_COLOR_NAME = AccentColor;
				CODE_SIGN_ENTITLEMENTS = Calendar/Calendar.entitlements;
				CODE_SIGN_STYLE = Automatic;
				DEVELOPMENT_TEAM = F584ZURPSX;
				INFOPLIST_FILE = Calendar/Info.plist;
				INFOPLIST_KEY_LSApplicationCategoryType = "public.app-category.healthcare-fitness";
				IPHONEOS_DEPLOYMENT_TARGET = 16.0;
				LD_RUNPATH_SEARCH_PATHS = (
					"$(inherited)",
					"@executable_path/Frameworks",
				);
				PRODUCT_BUNDLE_IDENTIFIER = app.suzuki.daisuke.Calendar;
				PRODUCT_NAME = "$(TARGET_NAME)";
				SWIFT_VERSION = 5.0;
				TARGETED_DEVICE_FAMILY = "1,2";
			};
			name = Debug;
		};
		21A1D4C2268C67B200C07A86 /* Release */ = {
			isa = XCBuildConfiguration;
			buildSettings = {
				ASSETCATALOG_COMPILER_APPICON_NAME = AppIcon;
				ASSETCATALOG_COMPILER_GLOBAL_ACCENT_COLOR_NAME = AccentColor;
				CODE_SIGN_ENTITLEMENTS = Calendar/CalendarRelease.entitlements;
				CODE_SIGN_STYLE = Automatic;
				DEVELOPMENT_TEAM = F584ZURPSX;
				INFOPLIST_FILE = Calendar/Info.plist;
				INFOPLIST_KEY_LSApplicationCategoryType = "public.app-category.healthcare-fitness";
				IPHONEOS_DEPLOYMENT_TARGET = 16.0;
				LD_RUNPATH_SEARCH_PATHS = (
					"$(inherited)",
					"@executable_path/Frameworks",
				);
				PRODUCT_BUNDLE_IDENTIFIER = app.suzuki.daisuke.Calendar;
				PRODUCT_NAME = "$(TARGET_NAME)";
				SWIFT_VERSION = 5.0;
				TARGETED_DEVICE_FAMILY = "1,2";
			};
			name = Release;
		};
/* End XCBuildConfiguration section */

/* Begin XCConfigurationList section */
		21A1D491268C67AD00C07A86 /* Build configuration list for PBXProject "Calendar" */ = {
			isa = XCConfigurationList;
			buildConfigurations = (
				21A1D4BE268C67B200C07A86 /* Debug */,
				21A1D4BF268C67B200C07A86 /* Release */,
			);
			defaultConfigurationIsVisible = 0;
			defaultConfigurationName = Release;
		};
		21A1D4C0268C67B200C07A86 /* Build configuration list for PBXNativeTarget "Calendar" */ = {
			isa = XCConfigurationList;
			buildConfigurations = (
				21A1D4C1268C67B200C07A86 /* Debug */,
				21A1D4C2268C67B200C07A86 /* Release */,
			);
			defaultConfigurationIsVisible = 0;
			defaultConfigurationName = Release;
		};
/* End XCConfigurationList section */

/* Begin XCRemoteSwiftPackageReference section */
		219D152128B753C400193068 /* XCRemoteSwiftPackageReference "gifu" */ = {
			isa = XCRemoteSwiftPackageReference;
			repositoryURL = "https://github.com/kaishin/gifu";
			requirement = {
				branch = master;
				kind = branch;
			};
		};
		21D848D12855E0610016BACD /* XCRemoteSwiftPackageReference "realm-swift" */ = {
			isa = XCRemoteSwiftPackageReference;
			repositoryURL = "https://github.com/aheze/realm-swift";
			requirement = {
				branch = master;
				kind = branch;
			};
		};
/* End XCRemoteSwiftPackageReference section */

/* Begin XCSwiftPackageProductDependency section */
		219D152228B753C400193068 /* Gifu */ = {
			isa = XCSwiftPackageProductDependency;
			package = 219D152128B753C400193068 /* XCRemoteSwiftPackageReference "gifu" */;
			productName = Gifu;
		};
		21D848D22855E0610016BACD /* Realm */ = {
			isa = XCSwiftPackageProductDependency;
			package = 21D848D12855E0610016BACD /* XCRemoteSwiftPackageReference "realm-swift" */;
			productName = Realm;
		};
		21D848D42855E0610016BACD /* RealmSwift */ = {
			isa = XCSwiftPackageProductDependency;
			package = 21D848D12855E0610016BACD /* XCRemoteSwiftPackageReference "realm-swift" */;
			productName = RealmSwift;
		};
/* End XCSwiftPackageProductDependency section */
	};
	rootObject = 21A1D48E268C67AD00C07A86 /* Project object */;
}
