// !$*UTF8*$!
{
	archiveVersion = 1;
	classes = {
	};
	objectVersion = 52;
	objects = {

/* Begin PBXBuildFile section */
		21087CA42977F5C800CB445F /* LoginViewController.swift in Sources */ = {isa = PBXBuildFile; fileRef = 21087CA32977F5C800CB445F /* LoginViewController.swift */; };
		21087CA72978172D00CB445F /* SignUpViewController.swift in Sources */ = {isa = PBXBuildFile; fileRef = 21087CA62978172D00CB445F /* SignUpViewController.swift */; };
		2119F17F296ECB2900E4F25A /* Watch_CalendarApp.swift in Sources */ = {isa = PBXBuildFile; fileRef = 2119F17E296ECB2900E4F25A /* Watch_CalendarApp.swift */; };
		2119F181296ECB2900E4F25A /* ContentView.swift in Sources */ = {isa = PBXBuildFile; fileRef = 2119F180296ECB2900E4F25A /* ContentView.swift */; };
		2119F183296ECB2E00E4F25A /* Assets.xcassets in Resources */ = {isa = PBXBuildFile; fileRef = 2119F182296ECB2E00E4F25A /* Assets.xcassets */; };
		2119F186296ECB2E00E4F25A /* Preview Assets.xcassets in Resources */ = {isa = PBXBuildFile; fileRef = 2119F185296ECB2E00E4F25A /* Preview Assets.xcassets */; };
		2119F18A296ECB6300E4F25A /* Watch Calendar Watch App.app in Embed Watch Content */ = {isa = PBXBuildFile; fileRef = 2119F17C296ECB2900E4F25A /* Watch Calendar Watch App.app */; settings = {ATTRIBUTES = (RemoveHeadersOnCopy, ); }; };
		2119F1942971687F00E4F25A /* GoogleService-Info.plist in Resources */ = {isa = PBXBuildFile; fileRef = 2119F1932971687F00E4F25A /* GoogleService-Info.plist */; };
		211BB55F26A80AE900655F2F /* ChartViewController.swift in Sources */ = {isa = PBXBuildFile; fileRef = 211BB55E26A80AE900655F2F /* ChartViewController.swift */; };
		2129B2F428F1553500B792E6 /* CalendarView.swift in Sources */ = {isa = PBXBuildFile; fileRef = 2129B2F328F1553500B792E6 /* CalendarView.swift */; };
		212D7BBE26D65676004561B0 /* AppDelegate.swift in Sources */ = {isa = PBXBuildFile; fileRef = 212D7BBD26D65676004561B0 /* AppDelegate.swift */; };
		212D7BC026D65686004561B0 /* SceneDelegate.swift in Sources */ = {isa = PBXBuildFile; fileRef = 212D7BBF26D65686004561B0 /* SceneDelegate.swift */; };
		216771B0269EF2570005F50C /* StopWatchViewController.swift in Sources */ = {isa = PBXBuildFile; fileRef = 216771AF269EF2570005F50C /* StopWatchViewController.swift */; };
		216847A628BF5A84007D11F6 /* HighlightCell.swift in Sources */ = {isa = PBXBuildFile; fileRef = 216847A528BF5A84007D11F6 /* HighlightCell.swift */; };
		216A46B2295B69B700EC1D52 /* ViewController.swift in Sources */ = {isa = PBXBuildFile; fileRef = 216A46B1295B69B600EC1D52 /* ViewController.swift */; };
		217A1F9527DDF13D0082B2BC /* Colors.xcassets in Resources */ = {isa = PBXBuildFile; fileRef = 217A1F9427DDF13D0082B2BC /* Colors.xcassets */; };
		2189C52E28F3914D00A5BA34 /* StrorageChartView.swift in Sources */ = {isa = PBXBuildFile; fileRef = 2189C52D28F3914C00A5BA34 /* StrorageChartView.swift */; };
		2189C53028F3A54C00A5BA34 /* LoginBonusContentView.swift in Sources */ = {isa = PBXBuildFile; fileRef = 2189C52F28F3A54B00A5BA34 /* LoginBonusContentView.swift */; };
		2196BA0B2856022800FA8D61 /* BarChart.swift in Sources */ = {isa = PBXBuildFile; fileRef = 2196BA0A2856022800FA8D61 /* BarChart.swift */; };
		2198C50B28758B71000C705C /* StudyRecordManager.swift in Sources */ = {isa = PBXBuildFile; fileRef = 2198C50A28758B71000C705C /* StudyRecordManager.swift */; };
		2199B75E286C52AC00018ADB /* ChartContentView.swift in Sources */ = {isa = PBXBuildFile; fileRef = 2199B75D286C52AC00018ADB /* ChartContentView.swift */; };
		2199B760286C547E00018ADB /* ChartPeriodView.swift in Sources */ = {isa = PBXBuildFile; fileRef = 2199B75F286C547E00018ADB /* ChartPeriodView.swift */; };
		219D152928B85A8700193068 /* CircularGauge.swift in Sources */ = {isa = PBXBuildFile; fileRef = 219D152828B85A8700193068 /* CircularGauge.swift */; };
		21A0D19729972DBC0099F810 /* ShareViewController.swift in Sources */ = {isa = PBXBuildFile; fileRef = 21A0D19629972DBC0099F810 /* ShareViewController.swift */; };
		21A1D4A3268C67B100C07A86 /* Assets.xcassets in Resources */ = {isa = PBXBuildFile; fileRef = 21A1D4A2268C67B100C07A86 /* Assets.xcassets */; };
		21A1D4A6268C67B100C07A86 /* LaunchScreen.storyboard in Resources */ = {isa = PBXBuildFile; fileRef = 21A1D4A4268C67B100C07A86 /* LaunchScreen.storyboard */; };
		21A2B5DC29AF558F00DA0AE9 /* Realm in Frameworks */ = {isa = PBXBuildFile; productRef = 21A2B5DB29AF558F00DA0AE9 /* Realm */; };
		21A2B5DE29AF558F00DA0AE9 /* RealmSwift in Frameworks */ = {isa = PBXBuildFile; productRef = 21A2B5DD29AF558F00DA0AE9 /* RealmSwift */; };
		21A2B5E329AF58F300DA0AE9 /* FirebaseAuth in Frameworks */ = {isa = PBXBuildFile; productRef = 21A2B5E229AF58F300DA0AE9 /* FirebaseAuth */; };
		21A2B5E529AF591A00DA0AE9 /* FirebaseFirestore in Frameworks */ = {isa = PBXBuildFile; productRef = 21A2B5E429AF591A00DA0AE9 /* FirebaseFirestore */; };
		21B0A6DD28855BDF00CFE312 /* Main.storyboard in Resources */ = {isa = PBXBuildFile; fileRef = 21B0A6DB28855BDF00CFE312 /* Main.storyboard */; };
		21B23BC728F1CF00001FBF65 /* IdentifiablePlace.swift in Sources */ = {isa = PBXBuildFile; fileRef = 21B23BC628F1CF00001FBF65 /* IdentifiablePlace.swift */; };
		21C93F2E28BE54BE00E807B6 /* TimerViewController.swift in Sources */ = {isa = PBXBuildFile; fileRef = 21C93F2D28BE54BE00E807B6 /* TimerViewController.swift */; };
		21C93F3028BE54D700E807B6 /* StudyRecord.swift in Sources */ = {isa = PBXBuildFile; fileRef = 21C93F2F28BE54D700E807B6 /* StudyRecord.swift */; };
		BAC3473028BE995F00895FBE /* Date.swift in Sources */ = {isa = PBXBuildFile; fileRef = BAC3472F28BE995F00895FBE /* Date.swift */; };
		BAC3473328BE9B7200895FBE /* StudyCondition.swift in Sources */ = {isa = PBXBuildFile; fileRef = BAC3473228BE9B7200895FBE /* StudyCondition.swift */; };
		BAC3473528BE9E2F00895FBE /* ToyShape.swift in Sources */ = {isa = PBXBuildFile; fileRef = BAC3473428BE9E2F00895FBE /* ToyShape.swift */; };
		E7C5D90E28F3AF4C00993862 /* LoginBonusViewController.swift in Sources */ = {isa = PBXBuildFile; fileRef = E7C5D90D28F3AF4C00993862 /* LoginBonusViewController.swift */; };
/* End PBXBuildFile section */

/* Begin PBXContainerItemProxy section */
		2119F18B296ECB6300E4F25A /* PBXContainerItemProxy */ = {
			isa = PBXContainerItemProxy;
			containerPortal = 21A1D48E268C67AD00C07A86 /* Project object */;
			proxyType = 1;
			remoteGlobalIDString = 2119F17B296ECB2800E4F25A;
			remoteInfo = "Watch Calendar Watch App";
		};
/* End PBXContainerItemProxy section */

/* Begin PBXCopyFilesBuildPhase section */
		2119F18D296ECB6300E4F25A /* Embed Watch Content */ = {
			isa = PBXCopyFilesBuildPhase;
			buildActionMask = 2147483647;
			dstPath = "$(CONTENTS_FOLDER_PATH)/Watch";
			dstSubfolderSpec = 16;
			files = (
				2119F18A296ECB6300E4F25A /* Watch Calendar Watch App.app in Embed Watch Content */,
			);
			name = "Embed Watch Content";
			runOnlyForDeploymentPostprocessing = 0;
		};
/* End PBXCopyFilesBuildPhase section */

/* Begin PBXFileReference section */
		21087CA32977F5C800CB445F /* LoginViewController.swift */ = {isa = PBXFileReference; lastKnownFileType = sourcecode.swift; path = LoginViewController.swift; sourceTree = "<group>"; };
		21087CA62978172D00CB445F /* SignUpViewController.swift */ = {isa = PBXFileReference; lastKnownFileType = sourcecode.swift; path = SignUpViewController.swift; sourceTree = "<group>"; };
		2119F17C296ECB2900E4F25A /* Watch Calendar Watch App.app */ = {isa = PBXFileReference; explicitFileType = wrapper.application; includeInIndex = 0; path = "Watch Calendar Watch App.app"; sourceTree = BUILT_PRODUCTS_DIR; };
		2119F17E296ECB2900E4F25A /* Watch_CalendarApp.swift */ = {isa = PBXFileReference; lastKnownFileType = sourcecode.swift; path = Watch_CalendarApp.swift; sourceTree = "<group>"; };
		2119F180296ECB2900E4F25A /* ContentView.swift */ = {isa = PBXFileReference; lastKnownFileType = sourcecode.swift; path = ContentView.swift; sourceTree = "<group>"; };
		2119F182296ECB2E00E4F25A /* Assets.xcassets */ = {isa = PBXFileReference; lastKnownFileType = folder.assetcatalog; path = Assets.xcassets; sourceTree = "<group>"; };
		2119F185296ECB2E00E4F25A /* Preview Assets.xcassets */ = {isa = PBXFileReference; lastKnownFileType = folder.assetcatalog; path = "Preview Assets.xcassets"; sourceTree = "<group>"; };
		2119F18E296ECE2F00E4F25A /* Watch Calendar Watch App.entitlements */ = {isa = PBXFileReference; lastKnownFileType = text.plist.entitlements; path = "Watch Calendar Watch App.entitlements"; sourceTree = "<group>"; };
		2119F18F296ECE7600E4F25A /* Watch-Calendar-Watch-App-Info.plist */ = {isa = PBXFileReference; lastKnownFileType = text.plist; path = "Watch-Calendar-Watch-App-Info.plist"; sourceTree = SOURCE_ROOT; };
		2119F1932971687F00E4F25A /* GoogleService-Info.plist */ = {isa = PBXFileReference; fileEncoding = 4; lastKnownFileType = text.plist.xml; path = "GoogleService-Info.plist"; sourceTree = "<group>"; };
		211BB55E26A80AE900655F2F /* ChartViewController.swift */ = {isa = PBXFileReference; lastKnownFileType = sourcecode.swift; path = ChartViewController.swift; sourceTree = "<group>"; };
		2129B2F328F1553500B792E6 /* CalendarView.swift */ = {isa = PBXFileReference; lastKnownFileType = sourcecode.swift; path = CalendarView.swift; sourceTree = "<group>"; };
		212D7BBD26D65676004561B0 /* AppDelegate.swift */ = {isa = PBXFileReference; fileEncoding = 4; lastKnownFileType = sourcecode.swift; path = AppDelegate.swift; sourceTree = "<group>"; };
		212D7BBF26D65686004561B0 /* SceneDelegate.swift */ = {isa = PBXFileReference; fileEncoding = 4; lastKnownFileType = sourcecode.swift; path = SceneDelegate.swift; sourceTree = "<group>"; };
		213C4CE7293760DB00BC8C84 /* Calendar.entitlements */ = {isa = PBXFileReference; lastKnownFileType = text.plist.entitlements; path = Calendar.entitlements; sourceTree = "<group>"; };
		216771AF269EF2570005F50C /* StopWatchViewController.swift */ = {isa = PBXFileReference; lastKnownFileType = sourcecode.swift; path = StopWatchViewController.swift; sourceTree = "<group>"; };
		216847A528BF5A84007D11F6 /* HighlightCell.swift */ = {isa = PBXFileReference; fileEncoding = 4; lastKnownFileType = sourcecode.swift; path = HighlightCell.swift; sourceTree = "<group>"; };
		216A46B1295B69B600EC1D52 /* ViewController.swift */ = {isa = PBXFileReference; lastKnownFileType = sourcecode.swift; path = ViewController.swift; sourceTree = "<group>"; };
		217A1F9427DDF13D0082B2BC /* Colors.xcassets */ = {isa = PBXFileReference; lastKnownFileType = folder.assetcatalog; path = Colors.xcassets; sourceTree = "<group>"; };
		2189C52D28F3914C00A5BA34 /* StrorageChartView.swift */ = {isa = PBXFileReference; lastKnownFileType = sourcecode.swift; path = StrorageChartView.swift; sourceTree = "<group>"; };
		2189C52F28F3A54B00A5BA34 /* LoginBonusContentView.swift */ = {isa = PBXFileReference; lastKnownFileType = sourcecode.swift; path = LoginBonusContentView.swift; sourceTree = "<group>"; };
		2196BA0A2856022800FA8D61 /* BarChart.swift */ = {isa = PBXFileReference; lastKnownFileType = sourcecode.swift; path = BarChart.swift; sourceTree = "<group>"; };
		2198C50A28758B71000C705C /* StudyRecordManager.swift */ = {isa = PBXFileReference; lastKnownFileType = sourcecode.swift; path = StudyRecordManager.swift; sourceTree = "<group>"; wrapsLines = 0; };
		2199B75D286C52AC00018ADB /* ChartContentView.swift */ = {isa = PBXFileReference; lastKnownFileType = sourcecode.swift; path = ChartContentView.swift; sourceTree = "<group>"; };
		2199B75F286C547E00018ADB /* ChartPeriodView.swift */ = {isa = PBXFileReference; lastKnownFileType = sourcecode.swift; path = ChartPeriodView.swift; sourceTree = "<group>"; };
		219D152828B85A8700193068 /* CircularGauge.swift */ = {isa = PBXFileReference; lastKnownFileType = sourcecode.swift; path = CircularGauge.swift; sourceTree = "<group>"; };
		21A0D19629972DBC0099F810 /* ShareViewController.swift */ = {isa = PBXFileReference; lastKnownFileType = sourcecode.swift; path = ShareViewController.swift; sourceTree = "<group>"; };
		21A1D496268C67AD00C07A86 /* スタレコ.app */ = {isa = PBXFileReference; explicitFileType = wrapper.application; includeInIndex = 0; path = "スタレコ.app"; sourceTree = BUILT_PRODUCTS_DIR; };
		21A1D4A2268C67B100C07A86 /* Assets.xcassets */ = {isa = PBXFileReference; lastKnownFileType = folder.assetcatalog; path = Assets.xcassets; sourceTree = "<group>"; };
		21A1D4A5268C67B100C07A86 /* Base */ = {isa = PBXFileReference; lastKnownFileType = file.storyboard; name = Base; path = Base.lproj/LaunchScreen.storyboard; sourceTree = "<group>"; };
		21A1D4A7268C67B100C07A86 /* Info.plist */ = {isa = PBXFileReference; lastKnownFileType = text.plist.xml; path = Info.plist; sourceTree = "<group>"; };
		21B0A6DC28855BDF00CFE312 /* Base */ = {isa = PBXFileReference; lastKnownFileType = file.storyboard; name = Base; path = Calendar/Base.lproj/Main.storyboard; sourceTree = "<group>"; };
		21B23BC628F1CF00001FBF65 /* IdentifiablePlace.swift */ = {isa = PBXFileReference; lastKnownFileType = sourcecode.swift; path = IdentifiablePlace.swift; sourceTree = "<group>"; };
		21C93F2D28BE54BE00E807B6 /* TimerViewController.swift */ = {isa = PBXFileReference; fileEncoding = 4; lastKnownFileType = sourcecode.swift; path = TimerViewController.swift; sourceTree = "<group>"; };
		21C93F2F28BE54D700E807B6 /* StudyRecord.swift */ = {isa = PBXFileReference; fileEncoding = 4; lastKnownFileType = sourcecode.swift; path = StudyRecord.swift; sourceTree = "<group>"; };
		21CAD5922981262D005ED2FA /* AppAuth.xcframework */ = {isa = PBXFileReference; lastKnownFileType = wrapper.xcframework; name = AppAuth.xcframework; path = Carthage/Build/AppAuth.xcframework; sourceTree = "<group>"; };
		21CAD5932981262E005ED2FA /* FirebaseAuth.xcframework */ = {isa = PBXFileReference; lastKnownFileType = wrapper.xcframework; name = FirebaseAuth.xcframework; path = Carthage/Build/FirebaseAuth.xcframework; sourceTree = "<group>"; };
		21CAD5942981262E005ED2FA /* gRPC-C++.xcframework */ = {isa = PBXFileReference; lastKnownFileType = wrapper.xcframework; name = "gRPC-C++.xcframework"; path = "Carthage/Build/gRPC-C++.xcframework"; sourceTree = "<group>"; };
		21CAD5952981262E005ED2FA /* leveldb-library.xcframework */ = {isa = PBXFileReference; lastKnownFileType = wrapper.xcframework; name = "leveldb-library.xcframework"; path = "Carthage/Build/leveldb-library.xcframework"; sourceTree = "<group>"; };
		21CAD5962981262F005ED2FA /* GTMSessionFetcher.xcframework */ = {isa = PBXFileReference; lastKnownFileType = wrapper.xcframework; name = GTMSessionFetcher.xcframework; path = Carthage/Build/GTMSessionFetcher.xcframework; sourceTree = "<group>"; };
		21CAD5972981262F005ED2FA /* FirebaseCoreExtension.xcframework */ = {isa = PBXFileReference; lastKnownFileType = wrapper.xcframework; name = FirebaseCoreExtension.xcframework; path = Carthage/Build/FirebaseCoreExtension.xcframework; sourceTree = "<group>"; };
		21CAD59829812630005ED2FA /* FirebaseFirestoreSwift.xcframework */ = {isa = PBXFileReference; lastKnownFileType = wrapper.xcframework; name = FirebaseFirestoreSwift.xcframework; path = Carthage/Build/FirebaseFirestoreSwift.xcframework; sourceTree = "<group>"; };
		21CAD59929812630005ED2FA /* FirebaseAppCheckInterop.xcframework */ = {isa = PBXFileReference; lastKnownFileType = wrapper.xcframework; name = FirebaseAppCheckInterop.xcframework; path = Carthage/Build/FirebaseAppCheckInterop.xcframework; sourceTree = "<group>"; };
		21CAD59A29812630005ED2FA /* FirebaseInstallations.xcframework */ = {isa = PBXFileReference; lastKnownFileType = wrapper.xcframework; name = FirebaseInstallations.xcframework; path = Carthage/Build/FirebaseInstallations.xcframework; sourceTree = "<group>"; };
		21CAD59B29812630005ED2FA /* BoringSSL-GRPC.xcframework */ = {isa = PBXFileReference; lastKnownFileType = wrapper.xcframework; name = "BoringSSL-GRPC.xcframework"; path = "Carthage/Build/BoringSSL-GRPC.xcframework"; sourceTree = "<group>"; };
		21CAD59C29812631005ED2FA /* FirebaseSharedSwift.xcframework */ = {isa = PBXFileReference; lastKnownFileType = wrapper.xcframework; name = FirebaseSharedSwift.xcframework; path = Carthage/Build/FirebaseSharedSwift.xcframework; sourceTree = "<group>"; };
		21CAD59D29812631005ED2FA /* GoogleUtilities.xcframework */ = {isa = PBXFileReference; lastKnownFileType = wrapper.xcframework; name = GoogleUtilities.xcframework; path = Carthage/Build/GoogleUtilities.xcframework; sourceTree = "<group>"; };
		21CAD59E29812631005ED2FA /* FirebaseAnalyticsSwift.xcframework */ = {isa = PBXFileReference; lastKnownFileType = wrapper.xcframework; name = FirebaseAnalyticsSwift.xcframework; path = Carthage/Build/FirebaseAnalyticsSwift.xcframework; sourceTree = "<group>"; };
		21CAD59F29812632005ED2FA /* FirebaseAuthInterop.xcframework */ = {isa = PBXFileReference; lastKnownFileType = wrapper.xcframework; name = FirebaseAuthInterop.xcframework; path = Carthage/Build/FirebaseAuthInterop.xcframework; sourceTree = "<group>"; };
		21CAD5A029812632005ED2FA /* abseil.xcframework */ = {isa = PBXFileReference; lastKnownFileType = wrapper.xcframework; name = abseil.xcframework; path = Carthage/Build/abseil.xcframework; sourceTree = "<group>"; };
		21CAD5A129812632005ED2FA /* GoogleAppMeasurementIdentitySupport.xcframework */ = {isa = PBXFileReference; lastKnownFileType = wrapper.xcframework; name = GoogleAppMeasurementIdentitySupport.xcframework; path = Carthage/Build/GoogleAppMeasurementIdentitySupport.xcframework; sourceTree = "<group>"; };
		21CAD5A229812633005ED2FA /* nanopb.xcframework */ = {isa = PBXFileReference; lastKnownFileType = wrapper.xcframework; name = nanopb.xcframework; path = Carthage/Build/nanopb.xcframework; sourceTree = "<group>"; };
		21CAD5A329812633005ED2FA /* FirebaseStorage.xcframework */ = {isa = PBXFileReference; lastKnownFileType = wrapper.xcframework; name = FirebaseStorage.xcframework; path = Carthage/Build/FirebaseStorage.xcframework; sourceTree = "<group>"; };
		21CAD5A429812633005ED2FA /* gRPC-Core.xcframework */ = {isa = PBXFileReference; lastKnownFileType = wrapper.xcframework; name = "gRPC-Core.xcframework"; path = "Carthage/Build/gRPC-Core.xcframework"; sourceTree = "<group>"; };
		21CAD5A529812634005ED2FA /* FirebaseFirestore.xcframework */ = {isa = PBXFileReference; lastKnownFileType = wrapper.xcframework; name = FirebaseFirestore.xcframework; path = Carthage/Build/FirebaseFirestore.xcframework; sourceTree = "<group>"; };
		21CAD5A629812634005ED2FA /* FirebaseAnalytics.xcframework */ = {isa = PBXFileReference; lastKnownFileType = wrapper.xcframework; name = FirebaseAnalytics.xcframework; path = Carthage/Build/FirebaseAnalytics.xcframework; sourceTree = "<group>"; };
		21CAD5A729812635005ED2FA /* FirebaseCoreInternal.xcframework */ = {isa = PBXFileReference; lastKnownFileType = wrapper.xcframework; name = FirebaseCoreInternal.xcframework; path = Carthage/Build/FirebaseCoreInternal.xcframework; sourceTree = "<group>"; };
		21CAD5A829812635005ED2FA /* FBLPromises.xcframework */ = {isa = PBXFileReference; lastKnownFileType = wrapper.xcframework; name = FBLPromises.xcframework; path = Carthage/Build/FBLPromises.xcframework; sourceTree = "<group>"; };
		21CAD5A929812635005ED2FA /* GoogleAppMeasurement.xcframework */ = {isa = PBXFileReference; lastKnownFileType = wrapper.xcframework; name = GoogleAppMeasurement.xcframework; path = Carthage/Build/GoogleAppMeasurement.xcframework; sourceTree = "<group>"; };
		21CAD5AA29812636005ED2FA /* FirebaseCore.xcframework */ = {isa = PBXFileReference; lastKnownFileType = wrapper.xcframework; name = FirebaseCore.xcframework; path = Carthage/Build/FirebaseCore.xcframework; sourceTree = "<group>"; };
		21CAD5AB29812636005ED2FA /* GTMAppAuth.xcframework */ = {isa = PBXFileReference; lastKnownFileType = wrapper.xcframework; name = GTMAppAuth.xcframework; path = Carthage/Build/GTMAppAuth.xcframework; sourceTree = "<group>"; };
		21CAD5AC29812636005ED2FA /* GoogleSignIn.xcframework */ = {isa = PBXFileReference; lastKnownFileType = wrapper.xcframework; name = GoogleSignIn.xcframework; path = Carthage/Build/GoogleSignIn.xcframework; sourceTree = "<group>"; };
		21CAD5AD29812637005ED2FA /* Libuv-gRPC.xcframework */ = {isa = PBXFileReference; lastKnownFileType = wrapper.xcframework; name = "Libuv-gRPC.xcframework"; path = "Carthage/Build/Libuv-gRPC.xcframework"; sourceTree = "<group>"; };
		21CAD5E829812D47005ED2FA /* Realm.framework */ = {isa = PBXFileReference; lastKnownFileType = wrapper.framework; name = Realm.framework; path = Carthage/Build/iOS/Static/Realm.framework; sourceTree = "<group>"; };
		21CAD5ED29812DEB005ED2FA /* Realm.framework */ = {isa = PBXFileReference; lastKnownFileType = wrapper.framework; name = Realm.framework; path = Carthage/Build/iOS/Realm.framework; sourceTree = "<group>"; };
		BAC3472F28BE995F00895FBE /* Date.swift */ = {isa = PBXFileReference; lastKnownFileType = sourcecode.swift; path = Date.swift; sourceTree = "<group>"; };
		BAC3473228BE9B7200895FBE /* StudyCondition.swift */ = {isa = PBXFileReference; lastKnownFileType = sourcecode.swift; path = StudyCondition.swift; sourceTree = "<group>"; };
		BAC3473428BE9E2F00895FBE /* ToyShape.swift */ = {isa = PBXFileReference; lastKnownFileType = sourcecode.swift; path = ToyShape.swift; sourceTree = "<group>"; };
		E7C5D90D28F3AF4C00993862 /* LoginBonusViewController.swift */ = {isa = PBXFileReference; lastKnownFileType = sourcecode.swift; path = LoginBonusViewController.swift; sourceTree = "<group>"; };
/* End PBXFileReference section */

/* Begin PBXFrameworksBuildPhase section */
		2119F179296ECB2800E4F25A /* Frameworks */ = {
			isa = PBXFrameworksBuildPhase;
			buildActionMask = 2147483647;
			files = (
			);
			runOnlyForDeploymentPostprocessing = 0;
		};
		21A1D493268C67AD00C07A86 /* Frameworks */ = {
			isa = PBXFrameworksBuildPhase;
			buildActionMask = 2147483647;
			files = (
				21A2B5DE29AF558F00DA0AE9 /* RealmSwift in Frameworks */,
				21A2B5E529AF591A00DA0AE9 /* FirebaseFirestore in Frameworks */,
				21A2B5E329AF58F300DA0AE9 /* FirebaseAuth in Frameworks */,
				21A2B5DC29AF558F00DA0AE9 /* Realm in Frameworks */,
			);
			runOnlyForDeploymentPostprocessing = 0;
		};
/* End PBXFrameworksBuildPhase section */

/* Begin PBXGroup section */
		2119F17D296ECB2900E4F25A /* Watch Calendar Watch App */ = {
			isa = PBXGroup;
			children = (
				2119F18F296ECE7600E4F25A /* Watch-Calendar-Watch-App-Info.plist */,
				2119F18E296ECE2F00E4F25A /* Watch Calendar Watch App.entitlements */,
				2119F17E296ECB2900E4F25A /* Watch_CalendarApp.swift */,
				2119F180296ECB2900E4F25A /* ContentView.swift */,
				2119F182296ECB2E00E4F25A /* Assets.xcassets */,
				2119F184296ECB2E00E4F25A /* Preview Content */,
			);
			path = "Watch Calendar Watch App";
			sourceTree = "<group>";
		};
		2119F184296ECB2E00E4F25A /* Preview Content */ = {
			isa = PBXGroup;
			children = (
				2119F185296ECB2E00E4F25A /* Preview Assets.xcassets */,
			);
			path = "Preview Content";
			sourceTree = "<group>";
		};
		2197B175288806E800D23030 /* ChartView */ = {
			isa = PBXGroup;
			children = (
				216847A528BF5A84007D11F6 /* HighlightCell.swift */,
				211BB55E26A80AE900655F2F /* ChartViewController.swift */,
				2196BA0A2856022800FA8D61 /* BarChart.swift */,
				2199B75D286C52AC00018ADB /* ChartContentView.swift */,
				2199B75F286C547E00018ADB /* ChartPeriodView.swift */,
				2129B2F328F1553500B792E6 /* CalendarView.swift */,
				2189C52D28F3914C00A5BA34 /* StrorageChartView.swift */,
			);
			path = ChartView;
			sourceTree = "<group>";
		};
		219D151828B6357300193068 /* StopWatchView */ = {
			isa = PBXGroup;
			children = (
				21C93F2D28BE54BE00E807B6 /* TimerViewController.swift */,
				219D152828B85A8700193068 /* CircularGauge.swift */,
				216771AF269EF2570005F50C /* StopWatchViewController.swift */,
			);
			path = StopWatchView;
			sourceTree = "<group>";
		};
		21A1D48D268C67AD00C07A86 = {
			isa = PBXGroup;
			children = (
				21A1D498268C67AD00C07A86 /* Calendar */,
				2119F17D296ECB2900E4F25A /* Watch Calendar Watch App */,
				21A1D497268C67AD00C07A86 /* Products */,
				21A4B7CC28A74CF200699C36 /* Frameworks */,
			);
			sourceTree = "<group>";
		};
		21A1D497268C67AD00C07A86 /* Products */ = {
			isa = PBXGroup;
			children = (
				21A1D496268C67AD00C07A86 /* スタレコ.app */,
				2119F17C296ECB2900E4F25A /* Watch Calendar Watch App.app */,
			);
			name = Products;
			sourceTree = "<group>";
		};
		21A1D498268C67AD00C07A86 /* Calendar */ = {
			isa = PBXGroup;
			children = (
				BAC3473128BE9B5800895FBE /* Entity */,
				BAC3472E28BE995500895FBE /* Helper */,
				213C4CE7293760DB00BC8C84 /* Calendar.entitlements */,
				212D7BBD26D65676004561B0 /* AppDelegate.swift */,
				2198C50A28758B71000C705C /* StudyRecordManager.swift */,
				212D7BBF26D65686004561B0 /* SceneDelegate.swift */,
				21A1D4A4268C67B100C07A86 /* LaunchScreen.storyboard */,
				21B0A6DB28855BDF00CFE312 /* Main.storyboard */,
				21CAD5F6298143DE005ED2FA /* Login */,
				E7C5D90F28F3CCA700993862 /* CalendarLog */,
				219D151828B6357300193068 /* StopWatchView */,
				2197B175288806E800D23030 /* ChartView */,
				21A1D4A2268C67B100C07A86 /* Assets.xcassets */,
				217A1F9427DDF13D0082B2BC /* Colors.xcassets */,
				21A1D4A7268C67B100C07A86 /* Info.plist */,
				2119F1932971687F00E4F25A /* GoogleService-Info.plist */,
				216A46B1295B69B600EC1D52 /* ViewController.swift */,
				21A0D19629972DBC0099F810 /* ShareViewController.swift */,
			);
			path = Calendar;
			sourceTree = "<group>";
		};
		21A4B7CC28A74CF200699C36 /* Frameworks */ = {
			isa = PBXGroup;
			children = (
				21CAD5E829812D47005ED2FA /* Realm.framework */,
				21CAD5ED29812DEB005ED2FA /* Realm.framework */,
				21CAD5A029812632005ED2FA /* abseil.xcframework */,
				21CAD5922981262D005ED2FA /* AppAuth.xcframework */,
				21CAD59B29812630005ED2FA /* BoringSSL-GRPC.xcframework */,
				21CAD5A829812635005ED2FA /* FBLPromises.xcframework */,
				21CAD5A629812634005ED2FA /* FirebaseAnalytics.xcframework */,
				21CAD59E29812631005ED2FA /* FirebaseAnalyticsSwift.xcframework */,
				21CAD59929812630005ED2FA /* FirebaseAppCheckInterop.xcframework */,
				21CAD5932981262E005ED2FA /* FirebaseAuth.xcframework */,
				21CAD59F29812632005ED2FA /* FirebaseAuthInterop.xcframework */,
				21CAD5AA29812636005ED2FA /* FirebaseCore.xcframework */,
				21CAD5972981262F005ED2FA /* FirebaseCoreExtension.xcframework */,
				21CAD5A729812635005ED2FA /* FirebaseCoreInternal.xcframework */,
				21CAD5A529812634005ED2FA /* FirebaseFirestore.xcframework */,
				21CAD59829812630005ED2FA /* FirebaseFirestoreSwift.xcframework */,
				21CAD59A29812630005ED2FA /* FirebaseInstallations.xcframework */,
				21CAD59C29812631005ED2FA /* FirebaseSharedSwift.xcframework */,
				21CAD5A329812633005ED2FA /* FirebaseStorage.xcframework */,
				21CAD5A929812635005ED2FA /* GoogleAppMeasurement.xcframework */,
				21CAD5A129812632005ED2FA /* GoogleAppMeasurementIdentitySupport.xcframework */,
				21CAD5AC29812636005ED2FA /* GoogleSignIn.xcframework */,
				21CAD59D29812631005ED2FA /* GoogleUtilities.xcframework */,
				21CAD5942981262E005ED2FA /* gRPC-C++.xcframework */,
				21CAD5A429812633005ED2FA /* gRPC-Core.xcframework */,
				21CAD5AB29812636005ED2FA /* GTMAppAuth.xcframework */,
				21CAD5962981262F005ED2FA /* GTMSessionFetcher.xcframework */,
				21CAD5952981262E005ED2FA /* leveldb-library.xcframework */,
				21CAD5AD29812637005ED2FA /* Libuv-gRPC.xcframework */,
				21CAD5A229812633005ED2FA /* nanopb.xcframework */,
			);
			name = Frameworks;
			sourceTree = "<group>";
		};
		21CAD5F6298143DE005ED2FA /* Login */ = {
			isa = PBXGroup;
			children = (
				21087CA32977F5C800CB445F /* LoginViewController.swift */,
				21087CA62978172D00CB445F /* SignUpViewController.swift */,
			);
			path = Login;
			sourceTree = "<group>";
		};
		BAC3472E28BE995500895FBE /* Helper */ = {
			isa = PBXGroup;
			children = (
				BAC3472F28BE995F00895FBE /* Date.swift */,
			);
			path = Helper;
			sourceTree = "<group>";
		};
		BAC3473128BE9B5800895FBE /* Entity */ = {
			isa = PBXGroup;
			children = (
				21B23BC628F1CF00001FBF65 /* IdentifiablePlace.swift */,
				21C93F2F28BE54D700E807B6 /* StudyRecord.swift */,
				BAC3473228BE9B7200895FBE /* StudyCondition.swift */,
				BAC3473428BE9E2F00895FBE /* ToyShape.swift */,
			);
			path = Entity;
			sourceTree = "<group>";
		};
		E7C5D90F28F3CCA700993862 /* CalendarLog */ = {
			isa = PBXGroup;
			children = (
				2189C52F28F3A54B00A5BA34 /* LoginBonusContentView.swift */,
				E7C5D90D28F3AF4C00993862 /* LoginBonusViewController.swift */,
			);
			path = CalendarLog;
			sourceTree = "<group>";
		};
/* End PBXGroup section */

/* Begin PBXNativeTarget section */
		2119F17B296ECB2800E4F25A /* Watch Calendar Watch App */ = {
			isa = PBXNativeTarget;
			buildConfigurationList = 2119F189296ECB2E00E4F25A /* Build configuration list for PBXNativeTarget "Watch Calendar Watch App" */;
			buildPhases = (
				2119F178296ECB2800E4F25A /* Sources */,
				2119F179296ECB2800E4F25A /* Frameworks */,
				2119F17A296ECB2800E4F25A /* Resources */,
			);
			buildRules = (
			);
			dependencies = (
			);
			name = "Watch Calendar Watch App";
			productName = "Watch Calendar Watch App";
			productReference = 2119F17C296ECB2900E4F25A /* Watch Calendar Watch App.app */;
			productType = "com.apple.product-type.application";
		};
		21A1D495268C67AD00C07A86 /* Calendar */ = {
			isa = PBXNativeTarget;
			buildConfigurationList = 21A1D4C0268C67B200C07A86 /* Build configuration list for PBXNativeTarget "Calendar" */;
			buildPhases = (
				21A1D492268C67AD00C07A86 /* Sources */,
				21A1D493268C67AD00C07A86 /* Frameworks */,
				21A1D494268C67AD00C07A86 /* Resources */,
				2119F18D296ECB6300E4F25A /* Embed Watch Content */,
			);
			buildRules = (
			);
			dependencies = (
				2119F18C296ECB6300E4F25A /* PBXTargetDependency */,
			);
			name = Calendar;
			packageProductDependencies = (
				21A2B5DB29AF558F00DA0AE9 /* Realm */,
				21A2B5DD29AF558F00DA0AE9 /* RealmSwift */,
				21A2B5E229AF58F300DA0AE9 /* FirebaseAuth */,
				21A2B5E429AF591A00DA0AE9 /* FirebaseFirestore */,
			);
			productName = Calendar;
			productReference = 21A1D496268C67AD00C07A86 /* スタレコ.app */;
			productType = "com.apple.product-type.application";
		};
/* End PBXNativeTarget section */

/* Begin PBXProject section */
		21A1D48E268C67AD00C07A86 /* Project object */ = {
			isa = PBXProject;
			attributes = {
				LastSwiftUpdateCheck = 1400;
				LastUpgradeCheck = 1400;
				TargetAttributes = {
					2119F17B296ECB2800E4F25A = {
						CreatedOnToolsVersion = 14.0.1;
					};
					21A1D495268C67AD00C07A86 = {
						CreatedOnToolsVersion = 12.5;
					};
				};
			};
			buildConfigurationList = 21A1D491268C67AD00C07A86 /* Build configuration list for PBXProject "Calendar" */;
			compatibilityVersion = "Xcode 9.3";
			developmentRegion = en;
			hasScannedForEncodings = 0;
			knownRegions = (
				en,
				Base,
			);
			mainGroup = 21A1D48D268C67AD00C07A86;
			packageReferences = (
				21A2B5C729AF517000DA0AE9 /* XCRemoteSwiftPackageReference "firebase-ios-sdk" */,
				21A2B5DA29AF558E00DA0AE9 /* XCRemoteSwiftPackageReference "realm-swift" */,
			);
			productRefGroup = 21A1D497268C67AD00C07A86 /* Products */;
			projectDirPath = "";
			projectRoot = "";
			targets = (
				21A1D495268C67AD00C07A86 /* Calendar */,
				2119F17B296ECB2800E4F25A /* Watch Calendar Watch App */,
			);
		};
/* End PBXProject section */

/* Begin PBXResourcesBuildPhase section */
		2119F17A296ECB2800E4F25A /* Resources */ = {
			isa = PBXResourcesBuildPhase;
			buildActionMask = 2147483647;
			files = (
				2119F186296ECB2E00E4F25A /* Preview Assets.xcassets in Resources */,
				2119F183296ECB2E00E4F25A /* Assets.xcassets in Resources */,
			);
			runOnlyForDeploymentPostprocessing = 0;
		};
		21A1D494268C67AD00C07A86 /* Resources */ = {
			isa = PBXResourcesBuildPhase;
			buildActionMask = 2147483647;
			files = (
				217A1F9527DDF13D0082B2BC /* Colors.xcassets in Resources */,
				21A1D4A6268C67B100C07A86 /* LaunchScreen.storyboard in Resources */,
				2119F1942971687F00E4F25A /* GoogleService-Info.plist in Resources */,
				21B0A6DD28855BDF00CFE312 /* Main.storyboard in Resources */,
				21A1D4A3268C67B100C07A86 /* Assets.xcassets in Resources */,
			);
			runOnlyForDeploymentPostprocessing = 0;
		};
/* End PBXResourcesBuildPhase section */

/* Begin PBXSourcesBuildPhase section */
		2119F178296ECB2800E4F25A /* Sources */ = {
			isa = PBXSourcesBuildPhase;
			buildActionMask = 2147483647;
			files = (
				2119F181296ECB2900E4F25A /* ContentView.swift in Sources */,
				2119F17F296ECB2900E4F25A /* Watch_CalendarApp.swift in Sources */,
			);
			runOnlyForDeploymentPostprocessing = 0;
		};
		21A1D492268C67AD00C07A86 /* Sources */ = {
			isa = PBXSourcesBuildPhase;
			buildActionMask = 2147483647;
			files = (
				BAC3473328BE9B7200895FBE /* StudyCondition.swift in Sources */,
				2199B760286C547E00018ADB /* ChartPeriodView.swift in Sources */,
				BAC3473028BE995F00895FBE /* Date.swift in Sources */,
				2198C50B28758B71000C705C /* StudyRecordManager.swift in Sources */,
				2196BA0B2856022800FA8D61 /* BarChart.swift in Sources */,
				216847A628BF5A84007D11F6 /* HighlightCell.swift in Sources */,
				21A0D19729972DBC0099F810 /* ShareViewController.swift in Sources */,
				21087CA72978172D00CB445F /* SignUpViewController.swift in Sources */,
				216771B0269EF2570005F50C /* StopWatchViewController.swift in Sources */,
				2129B2F428F1553500B792E6 /* CalendarView.swift in Sources */,
				21B23BC728F1CF00001FBF65 /* IdentifiablePlace.swift in Sources */,
				2189C53028F3A54C00A5BA34 /* LoginBonusContentView.swift in Sources */,
				212D7BC026D65686004561B0 /* SceneDelegate.swift in Sources */,
				219D152928B85A8700193068 /* CircularGauge.swift in Sources */,
				E7C5D90E28F3AF4C00993862 /* LoginBonusViewController.swift in Sources */,
				2199B75E286C52AC00018ADB /* ChartContentView.swift in Sources */,
				BAC3473528BE9E2F00895FBE /* ToyShape.swift in Sources */,
				21C93F2E28BE54BE00E807B6 /* TimerViewController.swift in Sources */,
				21087CA42977F5C800CB445F /* LoginViewController.swift in Sources */,
				2189C52E28F3914D00A5BA34 /* StrorageChartView.swift in Sources */,
				212D7BBE26D65676004561B0 /* AppDelegate.swift in Sources */,
				216A46B2295B69B700EC1D52 /* ViewController.swift in Sources */,
				21C93F3028BE54D700E807B6 /* StudyRecord.swift in Sources */,
				211BB55F26A80AE900655F2F /* ChartViewController.swift in Sources */,
			);
			runOnlyForDeploymentPostprocessing = 0;
		};
/* End PBXSourcesBuildPhase section */

/* Begin PBXTargetDependency section */
		2119F18C296ECB6300E4F25A /* PBXTargetDependency */ = {
			isa = PBXTargetDependency;
			target = 2119F17B296ECB2800E4F25A /* Watch Calendar Watch App */;
			targetProxy = 2119F18B296ECB6300E4F25A /* PBXContainerItemProxy */;
		};
/* End PBXTargetDependency section */

/* Begin PBXVariantGroup section */
		21A1D4A4268C67B100C07A86 /* LaunchScreen.storyboard */ = {
			isa = PBXVariantGroup;
			children = (
				21A1D4A5268C67B100C07A86 /* Base */,
			);
			name = LaunchScreen.storyboard;
			sourceTree = "<group>";
		};
		21B0A6DB28855BDF00CFE312 /* Main.storyboard */ = {
			isa = PBXVariantGroup;
			children = (
				21B0A6DC28855BDF00CFE312 /* Base */,
			);
			name = Main.storyboard;
			sourceTree = "<group>";
		};
/* End PBXVariantGroup section */

/* Begin XCBuildConfiguration section */
		2119F187296ECB2E00E4F25A /* Debug */ = {
			isa = XCBuildConfiguration;
			buildSettings = {
				ASSETCATALOG_COMPILER_APPICON_NAME = AppIcon;
				ASSETCATALOG_COMPILER_GLOBAL_ACCENT_COLOR_NAME = AccentColor;
				CLANG_CXX_LANGUAGE_STANDARD = "gnu++20";
				CODE_SIGN_ENTITLEMENTS = "Watch Calendar Watch App/Watch Calendar Watch App.entitlements";
				CODE_SIGN_STYLE = Automatic;
				CURRENT_PROJECT_VERSION = 1;
				DEVELOPMENT_ASSET_PATHS = "\"Watch Calendar Watch App/Preview Content\"";
				DEVELOPMENT_TEAM = F584ZURPSX;
				ENABLE_PREVIEWS = YES;
				GENERATE_INFOPLIST_FILE = YES;
				INFOPLIST_FILE = "Watch-Calendar-Watch-App-Info.plist";
				INFOPLIST_KEY_CFBundleDisplayName = "Watch Calendar";
				INFOPLIST_KEY_NSHealthClinicalHealthRecordsShareUsageDescription = "集中度合いを推定するためにhealth kit を使用します";
				INFOPLIST_KEY_NSHealthShareUsageDescription = "Apple Watchを装着しhealth kitから心拍数を取得します";
				INFOPLIST_KEY_NSHealthUpdateUsageDescription = "アプリ起動前に、Apple Watchを装着してください";
				INFOPLIST_KEY_UISupportedInterfaceOrientations = "UIInterfaceOrientationPortrait UIInterfaceOrientationPortraitUpsideDown";
				INFOPLIST_KEY_WKCompanionAppBundleIdentifier = app.aoba.sutareco;
				LD_RUNPATH_SEARCH_PATHS = (
					"$(inherited)",
					"@executable_path/Frameworks",
				);
				MARKETING_VERSION = 1.0;
				PRODUCT_BUNDLE_IDENTIFIER = app.aoba.sutareco.watchkitapp;
				PRODUCT_NAME = "$(TARGET_NAME)";
				SDKROOT = watchos;
				SKIP_INSTALL = YES;
				SWIFT_EMIT_LOC_STRINGS = YES;
				SWIFT_VERSION = 5.0;
				TARGETED_DEVICE_FAMILY = 4;
				WATCHOS_DEPLOYMENT_TARGET = 9.0;
			};
			name = Debug;
		};
		2119F188296ECB2E00E4F25A /* Release */ = {
			isa = XCBuildConfiguration;
			buildSettings = {
				ASSETCATALOG_COMPILER_APPICON_NAME = AppIcon;
				ASSETCATALOG_COMPILER_GLOBAL_ACCENT_COLOR_NAME = AccentColor;
				CLANG_CXX_LANGUAGE_STANDARD = "gnu++20";
				CODE_SIGN_ENTITLEMENTS = "Watch Calendar Watch App/Watch Calendar Watch App.entitlements";
				CODE_SIGN_STYLE = Automatic;
				CURRENT_PROJECT_VERSION = 1;
				DEVELOPMENT_ASSET_PATHS = "\"Watch Calendar Watch App/Preview Content\"";
				DEVELOPMENT_TEAM = F584ZURPSX;
				ENABLE_PREVIEWS = YES;
				GENERATE_INFOPLIST_FILE = YES;
				INFOPLIST_FILE = "Watch-Calendar-Watch-App-Info.plist";
				INFOPLIST_KEY_CFBundleDisplayName = "Watch Calendar";
				INFOPLIST_KEY_NSHealthClinicalHealthRecordsShareUsageDescription = "集中度合いを推定するためにhealth kit を使用します";
				INFOPLIST_KEY_NSHealthShareUsageDescription = "Apple Watchを装着しhealth kitから心拍数を取得します";
				INFOPLIST_KEY_NSHealthUpdateUsageDescription = "アプリ起動前に、Apple Watchを装着してください";
				INFOPLIST_KEY_UISupportedInterfaceOrientations = "UIInterfaceOrientationPortrait UIInterfaceOrientationPortraitUpsideDown";
				INFOPLIST_KEY_WKCompanionAppBundleIdentifier = app.aoba.sutareco;
				LD_RUNPATH_SEARCH_PATHS = (
					"$(inherited)",
					"@executable_path/Frameworks",
				);
				MARKETING_VERSION = 1.0;
				PRODUCT_BUNDLE_IDENTIFIER = app.aoba.sutareco.watchkitapp;
				PRODUCT_NAME = "$(TARGET_NAME)";
				SDKROOT = watchos;
				SKIP_INSTALL = YES;
				SWIFT_EMIT_LOC_STRINGS = YES;
				SWIFT_VERSION = 5.0;
				TARGETED_DEVICE_FAMILY = 4;
				WATCHOS_DEPLOYMENT_TARGET = 9.0;
			};
			name = Release;
		};
		21A1D4BE268C67B200C07A86 /* Debug */ = {
			isa = XCBuildConfiguration;
			buildSettings = {
				ALWAYS_SEARCH_USER_PATHS = NO;
				CLANG_ANALYZER_NONNULL = YES;
				CLANG_ANALYZER_NUMBER_OBJECT_CONVERSION = YES_AGGRESSIVE;
				CLANG_CXX_LANGUAGE_STANDARD = "gnu++14";
				CLANG_CXX_LIBRARY = "libc++";
				CLANG_ENABLE_MODULES = YES;
				CLANG_ENABLE_OBJC_ARC = YES;
				CLANG_ENABLE_OBJC_WEAK = YES;
				CLANG_WARN_BLOCK_CAPTURE_AUTORELEASING = YES;
				CLANG_WARN_BOOL_CONVERSION = YES;
				CLANG_WARN_COMMA = YES;
				CLANG_WARN_CONSTANT_CONVERSION = YES;
				CLANG_WARN_DEPRECATED_OBJC_IMPLEMENTATIONS = YES;
				CLANG_WARN_DIRECT_OBJC_ISA_USAGE = YES_ERROR;
				CLANG_WARN_DOCUMENTATION_COMMENTS = YES;
				CLANG_WARN_EMPTY_BODY = YES;
				CLANG_WARN_ENUM_CONVERSION = YES;
				CLANG_WARN_INFINITE_RECURSION = YES;
				CLANG_WARN_INT_CONVERSION = YES;
				CLANG_WARN_NON_LITERAL_NULL_CONVERSION = YES;
				CLANG_WARN_OBJC_IMPLICIT_RETAIN_SELF = YES;
				CLANG_WARN_OBJC_LITERAL_CONVERSION = YES;
				CLANG_WARN_OBJC_ROOT_CLASS = YES_ERROR;
				CLANG_WARN_QUOTED_INCLUDE_IN_FRAMEWORK_HEADER = YES;
				CLANG_WARN_RANGE_LOOP_ANALYSIS = YES;
				CLANG_WARN_STRICT_PROTOTYPES = YES;
				CLANG_WARN_SUSPICIOUS_MOVE = YES;
				CLANG_WARN_UNGUARDED_AVAILABILITY = YES_AGGRESSIVE;
				CLANG_WARN_UNREACHABLE_CODE = YES;
				CLANG_WARN__DUPLICATE_METHOD_MATCH = YES;
				COPY_PHASE_STRIP = NO;
				DEBUG_INFORMATION_FORMAT = dwarf;
				ENABLE_STRICT_OBJC_MSGSEND = YES;
				ENABLE_TESTABILITY = YES;
				GCC_C_LANGUAGE_STANDARD = gnu11;
				GCC_DYNAMIC_NO_PIC = NO;
				GCC_NO_COMMON_BLOCKS = YES;
				GCC_OPTIMIZATION_LEVEL = 0;
				GCC_PREPROCESSOR_DEFINITIONS = (
					"DEBUG=1",
					"$(inherited)",
				);
				GCC_WARN_64_TO_32_BIT_CONVERSION = YES;
				GCC_WARN_ABOUT_RETURN_TYPE = YES_ERROR;
				GCC_WARN_UNDECLARED_SELECTOR = YES;
				GCC_WARN_UNINITIALIZED_AUTOS = YES_AGGRESSIVE;
				GCC_WARN_UNUSED_FUNCTION = YES;
				GCC_WARN_UNUSED_VARIABLE = YES;
				IPHONEOS_DEPLOYMENT_TARGET = 16.0;
				MTL_ENABLE_DEBUG_INFO = INCLUDE_SOURCE;
				MTL_FAST_MATH = YES;
				ONLY_ACTIVE_ARCH = YES;
				PRODUCT_NAME = "スタレコ";
				SDKROOT = iphoneos;
				SWIFT_ACTIVE_COMPILATION_CONDITIONS = DEBUG;
				SWIFT_OPTIMIZATION_LEVEL = "-Onone";
			};
			name = Debug;
		};
		21A1D4BF268C67B200C07A86 /* Release */ = {
			isa = XCBuildConfiguration;
			buildSettings = {
				ALWAYS_SEARCH_USER_PATHS = NO;
				CLANG_ANALYZER_NONNULL = YES;
				CLANG_ANALYZER_NUMBER_OBJECT_CONVERSION = YES_AGGRESSIVE;
				CLANG_CXX_LANGUAGE_STANDARD = "gnu++14";
				CLANG_CXX_LIBRARY = "libc++";
				CLANG_ENABLE_MODULES = YES;
				CLANG_ENABLE_OBJC_ARC = YES;
				CLANG_ENABLE_OBJC_WEAK = YES;
				CLANG_WARN_BLOCK_CAPTURE_AUTORELEASING = YES;
				CLANG_WARN_BOOL_CONVERSION = YES;
				CLANG_WARN_COMMA = YES;
				CLANG_WARN_CONSTANT_CONVERSION = YES;
				CLANG_WARN_DEPRECATED_OBJC_IMPLEMENTATIONS = YES;
				CLANG_WARN_DIRECT_OBJC_ISA_USAGE = YES_ERROR;
				CLANG_WARN_DOCUMENTATION_COMMENTS = YES;
				CLANG_WARN_EMPTY_BODY = YES;
				CLANG_WARN_ENUM_CONVERSION = YES;
				CLANG_WARN_INFINITE_RECURSION = YES;
				CLANG_WARN_INT_CONVERSION = YES;
				CLANG_WARN_NON_LITERAL_NULL_CONVERSION = YES;
				CLANG_WARN_OBJC_IMPLICIT_RETAIN_SELF = YES;
				CLANG_WARN_OBJC_LITERAL_CONVERSION = YES;
				CLANG_WARN_OBJC_ROOT_CLASS = YES_ERROR;
				CLANG_WARN_QUOTED_INCLUDE_IN_FRAMEWORK_HEADER = YES;
				CLANG_WARN_RANGE_LOOP_ANALYSIS = YES;
				CLANG_WARN_STRICT_PROTOTYPES = YES;
				CLANG_WARN_SUSPICIOUS_MOVE = YES;
				CLANG_WARN_UNGUARDED_AVAILABILITY = YES_AGGRESSIVE;
				CLANG_WARN_UNREACHABLE_CODE = YES;
				CLANG_WARN__DUPLICATE_METHOD_MATCH = YES;
				COPY_PHASE_STRIP = NO;
				DEBUG_INFORMATION_FORMAT = "dwarf-with-dsym";
				ENABLE_NS_ASSERTIONS = NO;
				ENABLE_STRICT_OBJC_MSGSEND = YES;
				GCC_C_LANGUAGE_STANDARD = gnu11;
				GCC_NO_COMMON_BLOCKS = YES;
				GCC_WARN_64_TO_32_BIT_CONVERSION = YES;
				GCC_WARN_ABOUT_RETURN_TYPE = YES_ERROR;
				GCC_WARN_UNDECLARED_SELECTOR = YES;
				GCC_WARN_UNINITIALIZED_AUTOS = YES_AGGRESSIVE;
				GCC_WARN_UNUSED_FUNCTION = YES;
				GCC_WARN_UNUSED_VARIABLE = YES;
				IPHONEOS_DEPLOYMENT_TARGET = 16.0;
				MTL_ENABLE_DEBUG_INFO = NO;
				MTL_FAST_MATH = YES;
				PRODUCT_NAME = "スタレコ";
				SDKROOT = iphoneos;
				SWIFT_COMPILATION_MODE = wholemodule;
				SWIFT_OPTIMIZATION_LEVEL = "-O";
				VALIDATE_PRODUCT = YES;
			};
			name = Release;
		};
		21A1D4C1268C67B200C07A86 /* Debug */ = {
			isa = XCBuildConfiguration;
			buildSettings = {
				ASSETCATALOG_COMPILER_APPICON_NAME = AppIcon;
				ASSETCATALOG_COMPILER_GLOBAL_ACCENT_COLOR_NAME = AccentColor;
				CODE_SIGN_ENTITLEMENTS = Calendar/Calendar.entitlements;
				CODE_SIGN_STYLE = Automatic;
				CURRENT_PROJECT_VERSION = 1.1.0;
				DEVELOPMENT_TEAM = F584ZURPSX;
				FRAMEWORK_SEARCH_PATHS = (
					"$(inherited)",
					"$(PROJECT_DIR)/Carthage/Build/iOS/Static",
					"$(PROJECT_DIR)/Carthage/Build/iOS",
				);
				INFOPLIST_FILE = Calendar/Info.plist;
				INFOPLIST_KEY_CFBundleDisplayName = "スタレコ";
				INFOPLIST_KEY_LSApplicationCategoryType = "public.app-category.healthcare-fitness";
				IPHONEOS_DEPLOYMENT_TARGET = 16.0;
				LD_RUNPATH_SEARCH_PATHS = (
					"$(inherited)",
					"@executable_path/Frameworks",
				);
				MARKETING_VERSION = 1.1.0;
				PRODUCT_BUNDLE_IDENTIFIER = app.aoba.sutareco;
				PRODUCT_NAME = "スタレコ";
				SUPPORTED_PLATFORMS = "iphoneos iphonesimulator";
				SUPPORTS_MACCATALYST = NO;
				SUPPORTS_MAC_DESIGNED_FOR_IPHONE_IPAD = NO;
				SWIFT_VERSION = 5.0;
				TARGETED_DEVICE_FAMILY = "1,2";
			};
			name = Debug;
		};
		21A1D4C2268C67B200C07A86 /* Release */ = {
			isa = XCBuildConfiguration;
			buildSettings = {
				ASSETCATALOG_COMPILER_APPICON_NAME = AppIcon;
				ASSETCATALOG_COMPILER_GLOBAL_ACCENT_COLOR_NAME = AccentColor;
				CODE_SIGN_ENTITLEMENTS = Calendar/Calendar.entitlements;
				CODE_SIGN_STYLE = Automatic;
				CURRENT_PROJECT_VERSION = 1.1.0;
				DEVELOPMENT_TEAM = F584ZURPSX;
				FRAMEWORK_SEARCH_PATHS = (
					"$(inherited)",
					"$(PROJECT_DIR)/Carthage/Build/iOS/Static",
					"$(PROJECT_DIR)/Carthage/Build/iOS",
				);
				INFOPLIST_FILE = Calendar/Info.plist;
				INFOPLIST_KEY_CFBundleDisplayName = "スタレコ";
				INFOPLIST_KEY_LSApplicationCategoryType = "public.app-category.healthcare-fitness";
				IPHONEOS_DEPLOYMENT_TARGET = 16.0;
				LD_RUNPATH_SEARCH_PATHS = (
					"$(inherited)",
					"@executable_path/Frameworks",
				);
				MARKETING_VERSION = 1.1.0;
				PRODUCT_BUNDLE_IDENTIFIER = app.aoba.sutareco;
				PRODUCT_NAME = "スタレコ";
				SUPPORTED_PLATFORMS = "iphoneos iphonesimulator";
				SUPPORTS_MACCATALYST = NO;
				SUPPORTS_MAC_DESIGNED_FOR_IPHONE_IPAD = NO;
				SWIFT_VERSION = 5.0;
				TARGETED_DEVICE_FAMILY = "1,2";
			};
			name = Release;
		};
/* End XCBuildConfiguration section */

/* Begin XCConfigurationList section */
		2119F189296ECB2E00E4F25A /* Build configuration list for PBXNativeTarget "Watch Calendar Watch App" */ = {
			isa = XCConfigurationList;
			buildConfigurations = (
				2119F187296ECB2E00E4F25A /* Debug */,
				2119F188296ECB2E00E4F25A /* Release */,
			);
			defaultConfigurationIsVisible = 0;
			defaultConfigurationName = Release;
		};
		21A1D491268C67AD00C07A86 /* Build configuration list for PBXProject "Calendar" */ = {
			isa = XCConfigurationList;
			buildConfigurations = (
				21A1D4BE268C67B200C07A86 /* Debug */,
				21A1D4BF268C67B200C07A86 /* Release */,
			);
			defaultConfigurationIsVisible = 0;
			defaultConfigurationName = Release;
		};
		21A1D4C0268C67B200C07A86 /* Build configuration list for PBXNativeTarget "Calendar" */ = {
			isa = XCConfigurationList;
			buildConfigurations = (
				21A1D4C1268C67B200C07A86 /* Debug */,
				21A1D4C2268C67B200C07A86 /* Release */,
			);
			defaultConfigurationIsVisible = 0;
			defaultConfigurationName = Release;
		};
/* End XCConfigurationList section */

/* Begin XCRemoteSwiftPackageReference section */
		21A2B5C729AF517000DA0AE9 /* XCRemoteSwiftPackageReference "firebase-ios-sdk" */ = {
			isa = XCRemoteSwiftPackageReference;
			repositoryURL = "https://github.com/firebase/firebase-ios-sdk";
			requirement = {
				branch = master;
				kind = branch;
			};
		};
		21A2B5DA29AF558E00DA0AE9 /* XCRemoteSwiftPackageReference "realm-swift" */ = {
			isa = XCRemoteSwiftPackageReference;
			repositoryURL = "https://github.com/aheze/realm-swift";
			requirement = {
				branch = master;
				kind = branch;
			};
		};
/* End XCRemoteSwiftPackageReference section */

/* Begin XCSwiftPackageProductDependency section */
		21A2B5DB29AF558F00DA0AE9 /* Realm */ = {
			isa = XCSwiftPackageProductDependency;
			package = 21A2B5DA29AF558E00DA0AE9 /* XCRemoteSwiftPackageReference "realm-swift" */;
			productName = Realm;
		};
		21A2B5DD29AF558F00DA0AE9 /* RealmSwift */ = {
			isa = XCSwiftPackageProductDependency;
			package = 21A2B5DA29AF558E00DA0AE9 /* XCRemoteSwiftPackageReference "realm-swift" */;
			productName = RealmSwift;
		};
		21A2B5E229AF58F300DA0AE9 /* FirebaseAuth */ = {
			isa = XCSwiftPackageProductDependency;
			package = 21A2B5C729AF517000DA0AE9 /* XCRemoteSwiftPackageReference "firebase-ios-sdk" */;
			productName = FirebaseAuth;
		};
		21A2B5E429AF591A00DA0AE9 /* FirebaseFirestore */ = {
			isa = XCSwiftPackageProductDependency;
			package = 21A2B5C729AF517000DA0AE9 /* XCRemoteSwiftPackageReference "firebase-ios-sdk" */;
			productName = FirebaseFirestore;
		};
/* End XCSwiftPackageProductDependency section */
	};
	rootObject = 21A1D48E268C67AD00C07A86 /* Project object */;
}
