// !$*UTF8*$!
{
	archiveVersion = 1;
	classes = {
	};
	objectVersion = 52;
	objects = {

/* Begin PBXBuildFile section */
		211BB55F26A80AE900655F2F /* ChartViewController.swift in Sources */ = {isa = PBXBuildFile; fileRef = 211BB55E26A80AE900655F2F /* ChartViewController.swift */; };
		211BB56326B145B200655F2F /* CalendarViewController.swift in Sources */ = {isa = PBXBuildFile; fileRef = 211BB56226B145B200655F2F /* CalendarViewController.swift */; };
		211BB56526BA9E9F00655F2F /* event.swift in Sources */ = {isa = PBXBuildFile; fileRef = 211BB56426BA9E9E00655F2F /* event.swift */; };
		212D7BBE26D65676004561B0 /* AppDelegate.swift in Sources */ = {isa = PBXBuildFile; fileRef = 212D7BBD26D65676004561B0 /* AppDelegate.swift */; };
		212D7BC026D65686004561B0 /* SceneDelegate.swift in Sources */ = {isa = PBXBuildFile; fileRef = 212D7BBF26D65686004561B0 /* SceneDelegate.swift */; };
		212D7BC226D65D2B004561B0 /* Memo.swift in Sources */ = {isa = PBXBuildFile; fileRef = 212D7BC126D65D2B004561B0 /* Memo.swift */; };
		216771B0269EF2570005F50C /* StopWatchViewController.swift in Sources */ = {isa = PBXBuildFile; fileRef = 216771AF269EF2570005F50C /* StopWatchViewController.swift */; };
		216771B4269EFB530005F50C /* Realm in Frameworks */ = {isa = PBXBuildFile; productRef = 216771B3269EFB530005F50C /* Realm */; };
		216771B6269EFB580005F50C /* RealmSwift in Frameworks */ = {isa = PBXBuildFile; productRef = 216771B5269EFB580005F50C /* RealmSwift */; };
		216771B9269EFD2E0005F50C /* FSCalendar in Frameworks */ = {isa = PBXBuildFile; productRef = 216771B8269EFD2E0005F50C /* FSCalendar */; };
		216771BC269EFD9F0005F50C /* CalculateCalendarLogic in Frameworks */ = {isa = PBXBuildFile; productRef = 216771BB269EFD9F0005F50C /* CalculateCalendarLogic */; };
		21A1D49E268C67AD00C07A86 /* ViewController.swift in Sources */ = {isa = PBXBuildFile; fileRef = 21A1D49D268C67AD00C07A86 /* ViewController.swift */; };
		21A1D4A1268C67AD00C07A86 /* Main.storyboard in Resources */ = {isa = PBXBuildFile; fileRef = 21A1D49F268C67AD00C07A86 /* Main.storyboard */; };
		21A1D4A3268C67B100C07A86 /* Assets.xcassets in Resources */ = {isa = PBXBuildFile; fileRef = 21A1D4A2268C67B100C07A86 /* Assets.xcassets */; };
		21A1D4A6268C67B100C07A86 /* LaunchScreen.storyboard in Resources */ = {isa = PBXBuildFile; fileRef = 21A1D4A4268C67B100C07A86 /* LaunchScreen.storyboard */; };
		21D146D6273BCE6500CCF9E1 /* ChartBarCell.xib in Resources */ = {isa = PBXBuildFile; fileRef = 21D146D5273BCE6500CCF9E1 /* ChartBarCell.xib */; };
		21D146D8273BCE8100CCF9E1 /* ChartBarCell.swift in Sources */ = {isa = PBXBuildFile; fileRef = 21D146D7273BCE8100CCF9E1 /* ChartBarCell.swift */; };
/* End PBXBuildFile section */

/* Begin PBXFileReference section */
		0D5B7FF3D979C5B89AD7EA4C /* Pods_Calendar_CalendarUITests.framework */ = {isa = PBXFileReference; explicitFileType = wrapper.framework; includeInIndex = 0; path = Pods_Calendar_CalendarUITests.framework; sourceTree = BUILT_PRODUCTS_DIR; };
		211BB55E26A80AE900655F2F /* ChartViewController.swift */ = {isa = PBXFileReference; lastKnownFileType = sourcecode.swift; path = ChartViewController.swift; sourceTree = "<group>"; };
		211BB56226B145B200655F2F /* CalendarViewController.swift */ = {isa = PBXFileReference; lastKnownFileType = sourcecode.swift; path = CalendarViewController.swift; sourceTree = "<group>"; };
		211BB56426BA9E9E00655F2F /* event.swift */ = {isa = PBXFileReference; lastKnownFileType = sourcecode.swift; path = event.swift; sourceTree = "<group>"; };
		212D7BBD26D65676004561B0 /* AppDelegate.swift */ = {isa = PBXFileReference; fileEncoding = 4; lastKnownFileType = sourcecode.swift; path = AppDelegate.swift; sourceTree = "<group>"; };
		212D7BBF26D65686004561B0 /* SceneDelegate.swift */ = {isa = PBXFileReference; fileEncoding = 4; lastKnownFileType = sourcecode.swift; path = SceneDelegate.swift; sourceTree = "<group>"; };
		212D7BC126D65D2B004561B0 /* Memo.swift */ = {isa = PBXFileReference; fileEncoding = 4; lastKnownFileType = sourcecode.swift; path = Memo.swift; sourceTree = "<group>"; };
		216771AF269EF2570005F50C /* StopWatchViewController.swift */ = {isa = PBXFileReference; lastKnownFileType = sourcecode.swift; path = StopWatchViewController.swift; sourceTree = "<group>"; };
		21A1D496268C67AD00C07A86 /* Calendar.app */ = {isa = PBXFileReference; explicitFileType = wrapper.application; includeInIndex = 0; path = Calendar.app; sourceTree = BUILT_PRODUCTS_DIR; };
		21A1D49D268C67AD00C07A86 /* ViewController.swift */ = {isa = PBXFileReference; lastKnownFileType = sourcecode.swift; path = ViewController.swift; sourceTree = "<group>"; };
		21A1D4A0268C67AD00C07A86 /* Base */ = {isa = PBXFileReference; lastKnownFileType = file.storyboard; name = Base; path = Base.lproj/Main.storyboard; sourceTree = "<group>"; };
		21A1D4A2268C67B100C07A86 /* Assets.xcassets */ = {isa = PBXFileReference; lastKnownFileType = folder.assetcatalog; path = Assets.xcassets; sourceTree = "<group>"; };
		21A1D4A5268C67B100C07A86 /* Base */ = {isa = PBXFileReference; lastKnownFileType = file.storyboard; name = Base; path = Base.lproj/LaunchScreen.storyboard; sourceTree = "<group>"; };
		21A1D4A7268C67B100C07A86 /* Info.plist */ = {isa = PBXFileReference; lastKnownFileType = text.plist.xml; path = Info.plist; sourceTree = "<group>"; };
		21D146D5273BCE6500CCF9E1 /* ChartBarCell.xib */ = {isa = PBXFileReference; lastKnownFileType = file.xib; path = ChartBarCell.xib; sourceTree = "<group>"; };
		21D146D7273BCE8100CCF9E1 /* ChartBarCell.swift */ = {isa = PBXFileReference; lastKnownFileType = sourcecode.swift; path = ChartBarCell.swift; sourceTree = "<group>"; };
		B16591580D786A0422E920DF /* Pods_Calendar.framework */ = {isa = PBXFileReference; explicitFileType = wrapper.framework; includeInIndex = 0; path = Pods_Calendar.framework; sourceTree = BUILT_PRODUCTS_DIR; };
		C074DC4BF477E05E76FD0DE3 /* Pods_CalendarTests.framework */ = {isa = PBXFileReference; explicitFileType = wrapper.framework; includeInIndex = 0; path = Pods_CalendarTests.framework; sourceTree = BUILT_PRODUCTS_DIR; };
/* End PBXFileReference section */

/* Begin PBXFrameworksBuildPhase section */
		21A1D493268C67AD00C07A86 /* Frameworks */ = {
			isa = PBXFrameworksBuildPhase;
			buildActionMask = 2147483647;
			files = (
				216771BC269EFD9F0005F50C /* CalculateCalendarLogic in Frameworks */,
				216771B6269EFB580005F50C /* RealmSwift in Frameworks */,
				216771B9269EFD2E0005F50C /* FSCalendar in Frameworks */,
				216771B4269EFB530005F50C /* Realm in Frameworks */,
			);
			runOnlyForDeploymentPostprocessing = 0;
		};
/* End PBXFrameworksBuildPhase section */

/* Begin PBXGroup section */
		21A1D48D268C67AD00C07A86 = {
			isa = PBXGroup;
			children = (
				21A1D498268C67AD00C07A86 /* Calendar */,
				21A1D497268C67AD00C07A86 /* Products */,
				CE2FE2A402FC206F12E932B0 /* Frameworks */,
			);
			sourceTree = "<group>";
		};
		21A1D497268C67AD00C07A86 /* Products */ = {
			isa = PBXGroup;
			children = (
				21A1D496268C67AD00C07A86 /* Calendar.app */,
			);
			name = Products;
			sourceTree = "<group>";
		};
		21A1D498268C67AD00C07A86 /* Calendar */ = {
			isa = PBXGroup;
			children = (
				212D7BBD26D65676004561B0 /* AppDelegate.swift */,
				212D7BBF26D65686004561B0 /* SceneDelegate.swift */,
				21A1D49F268C67AD00C07A86 /* Main.storyboard */,
				212D7BC126D65D2B004561B0 /* Memo.swift */,
				216771AF269EF2570005F50C /* StopWatchViewController.swift */,
				211BB55E26A80AE900655F2F /* ChartViewController.swift */,
				211BB56226B145B200655F2F /* CalendarViewController.swift */,
				21A1D49D268C67AD00C07A86 /* ViewController.swift */,
				21A1D4A4268C67B100C07A86 /* LaunchScreen.storyboard */,
				21A1D4A7268C67B100C07A86 /* Info.plist */,
				21A1D4A2268C67B100C07A86 /* Assets.xcassets */,
				211BB56426BA9E9E00655F2F /* event.swift */,
				21D146D5273BCE6500CCF9E1 /* ChartBarCell.xib */,
				21D146D7273BCE8100CCF9E1 /* ChartBarCell.swift */,
			);
			path = Calendar;
			sourceTree = "<group>";
		};
		CE2FE2A402FC206F12E932B0 /* Frameworks */ = {
			isa = PBXGroup;
			children = (
				B16591580D786A0422E920DF /* Pods_Calendar.framework */,
				0D5B7FF3D979C5B89AD7EA4C /* Pods_Calendar_CalendarUITests.framework */,
				C074DC4BF477E05E76FD0DE3 /* Pods_CalendarTests.framework */,
			);
			name = Frameworks;
			sourceTree = "<group>";
		};
/* End PBXGroup section */

/* Begin PBXNativeTarget section */
		21A1D495268C67AD00C07A86 /* Calendar */ = {
			isa = PBXNativeTarget;
			buildConfigurationList = 21A1D4C0268C67B200C07A86 /* Build configuration list for PBXNativeTarget "Calendar" */;
			buildPhases = (
				21A1D492268C67AD00C07A86 /* Sources */,
				21A1D493268C67AD00C07A86 /* Frameworks */,
				21A1D494268C67AD00C07A86 /* Resources */,
			);
			buildRules = (
			);
			dependencies = (
			);
			name = Calendar;
			packageProductDependencies = (
				216771B3269EFB530005F50C /* Realm */,
				216771B5269EFB580005F50C /* RealmSwift */,
				216771B8269EFD2E0005F50C /* FSCalendar */,
				216771BB269EFD9F0005F50C /* CalculateCalendarLogic */,
			);
			productName = Calendar;
			productReference = 21A1D496268C67AD00C07A86 /* Calendar.app */;
			productType = "com.apple.product-type.application";
		};
/* End PBXNativeTarget section */

/* Begin PBXProject section */
		21A1D48E268C67AD00C07A86 /* Project object */ = {
			isa = PBXProject;
			attributes = {
				LastSwiftUpdateCheck = 1250;
				LastUpgradeCheck = 1250;
				TargetAttributes = {
					21A1D495268C67AD00C07A86 = {
						CreatedOnToolsVersion = 12.5;
					};
				};
			};
			buildConfigurationList = 21A1D491268C67AD00C07A86 /* Build configuration list for PBXProject "Calendar" */;
			compatibilityVersion = "Xcode 9.3";
			developmentRegion = en;
			hasScannedForEncodings = 0;
			knownRegions = (
				en,
				Base,
			);
			mainGroup = 21A1D48D268C67AD00C07A86;
			packageReferences = (
				216771AE2695BDC30005F50C /* XCRemoteSwiftPackageReference "realm-cocoa" */,
				216771B7269EFD2E0005F50C /* XCRemoteSwiftPackageReference "FSCalendar" */,
				216771BA269EFD9F0005F50C /* XCRemoteSwiftPackageReference "handMadeCalendarAdvance" */,
			);
			productRefGroup = 21A1D497268C67AD00C07A86 /* Products */;
			projectDirPath = "";
			projectRoot = "";
			targets = (
				21A1D495268C67AD00C07A86 /* Calendar */,
			);
		};
/* End PBXProject section */

/* Begin PBXResourcesBuildPhase section */
		21A1D494268C67AD00C07A86 /* Resources */ = {
			isa = PBXResourcesBuildPhase;
			buildActionMask = 2147483647;
			files = (
				21A1D4A6268C67B100C07A86 /* LaunchScreen.storyboard in Resources */,
				21D146D6273BCE6500CCF9E1 /* ChartBarCell.xib in Resources */,
				21A1D4A3268C67B100C07A86 /* Assets.xcassets in Resources */,
				21A1D4A1268C67AD00C07A86 /* Main.storyboard in Resources */,
			);
			runOnlyForDeploymentPostprocessing = 0;
		};
/* End PBXResourcesBuildPhase section */

/* Begin PBXSourcesBuildPhase section */
		21A1D492268C67AD00C07A86 /* Sources */ = {
			isa = PBXSourcesBuildPhase;
			buildActionMask = 2147483647;
			files = (
				211BB56526BA9E9F00655F2F /* event.swift in Sources */,
				21D146D8273BCE8100CCF9E1 /* ChartBarCell.swift in Sources */,
				21A1D49E268C67AD00C07A86 /* ViewController.swift in Sources */,
				216771B0269EF2570005F50C /* StopWatchViewController.swift in Sources */,
				212D7BC026D65686004561B0 /* SceneDelegate.swift in Sources */,
				211BB56326B145B200655F2F /* CalendarViewController.swift in Sources */,
				212D7BC226D65D2B004561B0 /* Memo.swift in Sources */,
				212D7BBE26D65676004561B0 /* AppDelegate.swift in Sources */,
				211BB55F26A80AE900655F2F /* ChartViewController.swift in Sources */,
			);
			runOnlyForDeploymentPostprocessing = 0;
		};
/* End PBXSourcesBuildPhase section */

/* Begin PBXVariantGroup section */
		21A1D49F268C67AD00C07A86 /* Main.storyboard */ = {
			isa = PBXVariantGroup;
			children = (
				21A1D4A0268C67AD00C07A86 /* Base */,
			);
			name = Main.storyboard;
			sourceTree = "<group>";
		};
		21A1D4A4268C67B100C07A86 /* LaunchScreen.storyboard */ = {
			isa = PBXVariantGroup;
			children = (
				21A1D4A5268C67B100C07A86 /* Base */,
			);
			name = LaunchScreen.storyboard;
			sourceTree = "<group>";
		};
/* End PBXVariantGroup section */

/* Begin XCBuildConfiguration section */
		21A1D4BE268C67B200C07A86 /* Debug */ = {
			isa = XCBuildConfiguration;
			buildSettings = {
				ALWAYS_SEARCH_USER_PATHS = NO;
				CLANG_ANALYZER_NONNULL = YES;
				CLANG_ANALYZER_NUMBER_OBJECT_CONVERSION = YES_AGGRESSIVE;
				CLANG_CXX_LANGUAGE_STANDARD = "gnu++14";
				CLANG_CXX_LIBRARY = "libc++";
				CLANG_ENABLE_MODULES = YES;
				CLANG_ENABLE_OBJC_ARC = YES;
				CLANG_ENABLE_OBJC_WEAK = YES;
				CLANG_WARN_BLOCK_CAPTURE_AUTORELEASING = YES;
				CLANG_WARN_BOOL_CONVERSION = YES;
				CLANG_WARN_COMMA = YES;
				CLANG_WARN_CONSTANT_CONVERSION = YES;
				CLANG_WARN_DEPRECATED_OBJC_IMPLEMENTATIONS = YES;
				CLANG_WARN_DIRECT_OBJC_ISA_USAGE = YES_ERROR;
				CLANG_WARN_DOCUMENTATION_COMMENTS = YES;
				CLANG_WARN_EMPTY_BODY = YES;
				CLANG_WARN_ENUM_CONVERSION = YES;
				CLANG_WARN_INFINITE_RECURSION = YES;
				CLANG_WARN_INT_CONVERSION = YES;
				CLANG_WARN_NON_LITERAL_NULL_CONVERSION = YES;
				CLANG_WARN_OBJC_IMPLICIT_RETAIN_SELF = YES;
				CLANG_WARN_OBJC_LITERAL_CONVERSION = YES;
				CLANG_WARN_OBJC_ROOT_CLASS = YES_ERROR;
				CLANG_WARN_QUOTED_INCLUDE_IN_FRAMEWORK_HEADER = YES;
				CLANG_WARN_RANGE_LOOP_ANALYSIS = YES;
				CLANG_WARN_STRICT_PROTOTYPES = YES;
				CLANG_WARN_SUSPICIOUS_MOVE = YES;
				CLANG_WARN_UNGUARDED_AVAILABILITY = YES_AGGRESSIVE;
				CLANG_WARN_UNREACHABLE_CODE = YES;
				CLANG_WARN__DUPLICATE_METHOD_MATCH = YES;
				COPY_PHASE_STRIP = NO;
				DEBUG_INFORMATION_FORMAT = dwarf;
				ENABLE_STRICT_OBJC_MSGSEND = YES;
				ENABLE_TESTABILITY = YES;
				GCC_C_LANGUAGE_STANDARD = gnu11;
				GCC_DYNAMIC_NO_PIC = NO;
				GCC_NO_COMMON_BLOCKS = YES;
				GCC_OPTIMIZATION_LEVEL = 0;
				GCC_PREPROCESSOR_DEFINITIONS = (
					"DEBUG=1",
					"$(inherited)",
				);
				GCC_WARN_64_TO_32_BIT_CONVERSION = YES;
				GCC_WARN_ABOUT_RETURN_TYPE = YES_ERROR;
				GCC_WARN_UNDECLARED_SELECTOR = YES;
				GCC_WARN_UNINITIALIZED_AUTOS = YES_AGGRESSIVE;
				GCC_WARN_UNUSED_FUNCTION = YES;
				GCC_WARN_UNUSED_VARIABLE = YES;
				IPHONEOS_DEPLOYMENT_TARGET = 14.5;
				MTL_ENABLE_DEBUG_INFO = INCLUDE_SOURCE;
				MTL_FAST_MATH = YES;
				ONLY_ACTIVE_ARCH = YES;
				SDKROOT = iphoneos;
				SWIFT_ACTIVE_COMPILATION_CONDITIONS = DEBUG;
				SWIFT_OPTIMIZATION_LEVEL = "-Onone";
			};
			name = Debug;
		};
		21A1D4BF268C67B200C07A86 /* Release */ = {
			isa = XCBuildConfiguration;
			buildSettings = {
				ALWAYS_SEARCH_USER_PATHS = NO;
				CLANG_ANALYZER_NONNULL = YES;
				CLANG_ANALYZER_NUMBER_OBJECT_CONVERSION = YES_AGGRESSIVE;
				CLANG_CXX_LANGUAGE_STANDARD = "gnu++14";
				CLANG_CXX_LIBRARY = "libc++";
				CLANG_ENABLE_MODULES = YES;
				CLANG_ENABLE_OBJC_ARC = YES;
				CLANG_ENABLE_OBJC_WEAK = YES;
				CLANG_WARN_BLOCK_CAPTURE_AUTORELEASING = YES;
				CLANG_WARN_BOOL_CONVERSION = YES;
				CLANG_WARN_COMMA = YES;
				CLANG_WARN_CONSTANT_CONVERSION = YES;
				CLANG_WARN_DEPRECATED_OBJC_IMPLEMENTATIONS = YES;
				CLANG_WARN_DIRECT_OBJC_ISA_USAGE = YES_ERROR;
				CLANG_WARN_DOCUMENTATION_COMMENTS = YES;
				CLANG_WARN_EMPTY_BODY = YES;
				CLANG_WARN_ENUM_CONVERSION = YES;
				CLANG_WARN_INFINITE_RECURSION = YES;
				CLANG_WARN_INT_CONVERSION = YES;
				CLANG_WARN_NON_LITERAL_NULL_CONVERSION = YES;
				CLANG_WARN_OBJC_IMPLICIT_RETAIN_SELF = YES;
				CLANG_WARN_OBJC_LITERAL_CONVERSION = YES;
				CLANG_WARN_OBJC_ROOT_CLASS = YES_ERROR;
				CLANG_WARN_QUOTED_INCLUDE_IN_FRAMEWORK_HEADER = YES;
				CLANG_WARN_RANGE_LOOP_ANALYSIS = YES;
				CLANG_WARN_STRICT_PROTOTYPES = YES;
				CLANG_WARN_SUSPICIOUS_MOVE = YES;
				CLANG_WARN_UNGUARDED_AVAILABILITY = YES_AGGRESSIVE;
				CLANG_WARN_UNREACHABLE_CODE = YES;
				CLANG_WARN__DUPLICATE_METHOD_MATCH = YES;
				COPY_PHASE_STRIP = NO;
				DEBUG_INFORMATION_FORMAT = "dwarf-with-dsym";
				ENABLE_NS_ASSERTIONS = NO;
				ENABLE_STRICT_OBJC_MSGSEND = YES;
				GCC_C_LANGUAGE_STANDARD = gnu11;
				GCC_NO_COMMON_BLOCKS = YES;
				GCC_WARN_64_TO_32_BIT_CONVERSION = YES;
				GCC_WARN_ABOUT_RETURN_TYPE = YES_ERROR;
				GCC_WARN_UNDECLARED_SELECTOR = YES;
				GCC_WARN_UNINITIALIZED_AUTOS = YES_AGGRESSIVE;
				GCC_WARN_UNUSED_FUNCTION = YES;
				GCC_WARN_UNUSED_VARIABLE = YES;
				IPHONEOS_DEPLOYMENT_TARGET = 14.5;
				MTL_ENABLE_DEBUG_INFO = NO;
				MTL_FAST_MATH = YES;
				SDKROOT = iphoneos;
				SWIFT_COMPILATION_MODE = wholemodule;
				SWIFT_OPTIMIZATION_LEVEL = "-O";
				VALIDATE_PRODUCT = YES;
			};
			name = Release;
		};
		21A1D4C1268C67B200C07A86 /* Debug */ = {
			isa = XCBuildConfiguration;
			buildSettings = {
				ASSETCATALOG_COMPILER_APPICON_NAME = AppIcon;
				ASSETCATALOG_COMPILER_GLOBAL_ACCENT_COLOR_NAME = AccentColor;
				CODE_SIGN_STYLE = Automatic;
				DEVELOPMENT_TEAM = 48GWJKGD2K;
				INFOPLIST_FILE = Calendar/Info.plist;
				LD_RUNPATH_SEARCH_PATHS = (
					"$(inherited)",
					"@executable_path/Frameworks",
				);
				PRODUCT_BUNDLE_IDENTIFIER = app.suzuki.aoba.Calendar;
				PRODUCT_NAME = "$(TARGET_NAME)";
				SWIFT_VERSION = 5.0;
				TARGETED_DEVICE_FAMILY = "1,2";
			};
			name = Debug;
		};
		21A1D4C2268C67B200C07A86 /* Release */ = {
			isa = XCBuildConfiguration;
			buildSettings = {
				ASSETCATALOG_COMPILER_APPICON_NAME = AppIcon;
				ASSETCATALOG_COMPILER_GLOBAL_ACCENT_COLOR_NAME = AccentColor;
				CODE_SIGN_STYLE = Automatic;
				DEVELOPMENT_TEAM = 48GWJKGD2K;
				INFOPLIST_FILE = Calendar/Info.plist;
				LD_RUNPATH_SEARCH_PATHS = (
					"$(inherited)",
					"@executable_path/Frameworks",
				);
				PRODUCT_BUNDLE_IDENTIFIER = app.suzuki.aoba.Calendar;
				PRODUCT_NAME = "$(TARGET_NAME)";
				SWIFT_VERSION = 5.0;
				TARGETED_DEVICE_FAMILY = "1,2";
			};
			name = Release;
		};
/* End XCBuildConfiguration section */

/* Begin XCConfigurationList section */
		21A1D491268C67AD00C07A86 /* Build configuration list for PBXProject "Calendar" */ = {
			isa = XCConfigurationList;
			buildConfigurations = (
				21A1D4BE268C67B200C07A86 /* Debug */,
				21A1D4BF268C67B200C07A86 /* Release */,
			);
			defaultConfigurationIsVisible = 0;
			defaultConfigurationName = Release;
		};
		21A1D4C0268C67B200C07A86 /* Build configuration list for PBXNativeTarget "Calendar" */ = {
			isa = XCConfigurationList;
			buildConfigurations = (
				21A1D4C1268C67B200C07A86 /* Debug */,
				21A1D4C2268C67B200C07A86 /* Release */,
			);
			defaultConfigurationIsVisible = 0;
			defaultConfigurationName = Release;
		};
/* End XCConfigurationList section */

/* Begin XCRemoteSwiftPackageReference section */
		216771AE2695BDC30005F50C /* XCRemoteSwiftPackageReference "realm-cocoa" */ = {
			isa = XCRemoteSwiftPackageReference;
			repositoryURL = "https://github.com/realm/realm-cocoa";
			requirement = {
				kind = upToNextMajorVersion;
				minimumVersion = 10.9.0;
			};
		};
		216771B7269EFD2E0005F50C /* XCRemoteSwiftPackageReference "FSCalendar" */ = {
			isa = XCRemoteSwiftPackageReference;
			repositoryURL = "git@github.com:WenchaoD/FSCalendar.git";
			requirement = {
				kind = upToNextMajorVersion;
				minimumVersion = 2.8.2;
			};
		};
		216771BA269EFD9F0005F50C /* XCRemoteSwiftPackageReference "handMadeCalendarAdvance" */ = {
			isa = XCRemoteSwiftPackageReference;
			repositoryURL = "https://github.com/fumiyasac/handMadeCalendarAdvance";
			requirement = {
				kind = upToNextMajorVersion;
				minimumVersion = 0.5.0;
			};
		};
/* End XCRemoteSwiftPackageReference section */

/* Begin XCSwiftPackageProductDependency section */
		216771B3269EFB530005F50C /* Realm */ = {
			isa = XCSwiftPackageProductDependency;
			package = 216771AE2695BDC30005F50C /* XCRemoteSwiftPackageReference "realm-cocoa" */;
			productName = Realm;
		};
		216771B5269EFB580005F50C /* RealmSwift */ = {
			isa = XCSwiftPackageProductDependency;
			package = 216771AE2695BDC30005F50C /* XCRemoteSwiftPackageReference "realm-cocoa" */;
			productName = RealmSwift;
		};
		216771B8269EFD2E0005F50C /* FSCalendar */ = {
			isa = XCSwiftPackageProductDependency;
			package = 216771B7269EFD2E0005F50C /* XCRemoteSwiftPackageReference "FSCalendar" */;
			productName = FSCalendar;
		};
		216771BB269EFD9F0005F50C /* CalculateCalendarLogic */ = {
			isa = XCSwiftPackageProductDependency;
			package = 216771BA269EFD9F0005F50C /* XCRemoteSwiftPackageReference "handMadeCalendarAdvance" */;
			productName = CalculateCalendarLogic;
		};
/* End XCSwiftPackageProductDependency section */
	};
	rootObject = 21A1D48E268C67AD00C07A86 /* Project object */;
}
